PODS:
  - Cluster (3.0.3)
  - Cosmos (23.0.0)
  - Differentiator (5.0.0)
  - FaveButton (3.2.1)
  - FirebaseABTesting (10.4.0):
    - FirebaseCore (~> 10.0)
  - FirebaseAnalytics (10.4.0):
    - FirebaseAnalytics/AdIdSupport (= 10.4.0)
    - FirebaseCore (~> 10.0)
    - FirebaseInstallations (~> 10.0)
    - GoogleUtilities/AppDelegateSwizzler (~> 7.8)
    - GoogleUtilities/MethodSwizzler (~> 7.8)
    - GoogleUtilities/Network (~> 7.8)
    - "GoogleUtilities/NSData+zlib (~> 7.8)"
    - nanopb (< 2.30910.0, >= 2.30908.0)
  - FirebaseAnalytics/AdIdSupport (10.4.0):
    - FirebaseCore (~> 10.0)
    - FirebaseInstallations (~> 10.0)
    - GoogleAppMeasurement (= 10.4.0)
    - GoogleUtilities/AppDelegateSwizzler (~> 7.8)
    - GoogleUtilities/MethodSwizzler (~> 7.8)
    - GoogleUtilities/Network (~> 7.8)
    - "GoogleUtilities/NSData+zlib (~> 7.8)"
    - nanopb (< 2.30910.0, >= 2.30908.0)
  - FirebaseCore (10.2.0):
    - FirebaseCoreInternal (~> 10.0)
    - GoogleUtilities/Environment (~> 7.8)
    - GoogleUtilities/Logger (~> 7.8)
  - FirebaseCoreInternal (10.2.0):
    - "GoogleUtilities/NSData+zlib (~> 7.8)"
  - FirebaseCrashlytics (10.4.0):
    - FirebaseCore (~> 10.0)
    - FirebaseInstallations (~> 10.0)
    - GoogleDataTransport (~> 9.2)
    - GoogleUtilities/Environment (~> 7.8)
    - nanopb (< 2.30910.0, >= 2.30908.0)
    - PromisesObjC (~> 2.1)
  - FirebaseInstallations (10.4.0):
    - FirebaseCore (~> 10.0)
    - GoogleUtilities/Environment (~> 7.8)
    - GoogleUtilities/UserDefaults (~> 7.8)
    - PromisesObjC (~> 2.1)
  - FirebasePerformance (10.4.0):
    - FirebaseCore (~> 10.0)
    - FirebaseInstallations (~> 10.0)
    - FirebaseRemoteConfig (~> 10.0)
    - GoogleDataTransport (~> 9.2)
    - GoogleUtilities/Environment (~> 7.8)
    - GoogleUtilities/ISASwizzler (~> 7.8)
    - GoogleUtilities/MethodSwizzler (~> 7.8)
    - nanopb (< 2.30910.0, >= 2.30908.0)
  - FirebaseRemoteConfig (10.4.0):
    - FirebaseABTesting (~> 10.0)
    - FirebaseCore (~> 10.0)
    - FirebaseInstallations (~> 10.0)
    - GoogleUtilities/Environment (~> 7.8)
    - "GoogleUtilities/NSData+zlib (~> 7.8)"
  - Floaty (4.2.0)
  - GoogleAppMeasurement (10.4.0):
    - GoogleAppMeasurement/AdIdSupport (= 10.4.0)
    - GoogleUtilities/AppDelegateSwizzler (~> 7.8)
    - GoogleUtilities/MethodSwizzler (~> 7.8)
    - GoogleUtilities/Network (~> 7.8)
    - "GoogleUtilities/NSData+zlib (~> 7.8)"
    - nanopb (< 2.30910.0, >= 2.30908.0)
  - GoogleAppMeasurement/AdIdSupport (10.4.0):
    - GoogleAppMeasurement/WithoutAdIdSupport (= 10.4.0)
    - GoogleUtilities/AppDelegateSwizzler (~> 7.8)
    - GoogleUtilities/MethodSwizzler (~> 7.8)
    - GoogleUtilities/Network (~> 7.8)
    - "GoogleUtilities/NSData+zlib (~> 7.8)"
    - nanopb (< 2.30910.0, >= 2.30908.0)
  - GoogleAppMeasurement/WithoutAdIdSupport (10.4.0):
    - GoogleUtilities/AppDelegateSwizzler (~> 7.8)
    - GoogleUtilities/MethodSwizzler (~> 7.8)
    - GoogleUtilities/Network (~> 7.8)
    - "GoogleUtilities/NSData+zlib (~> 7.8)"
    - nanopb (< 2.30910.0, >= 2.30908.0)
  - GoogleDataTransport (9.2.1):
    - GoogleUtilities/Environment (~> 7.7)
    - nanopb (< 2.30910.0, >= 2.30908.0)
    - PromisesObjC (< 3.0, >= 1.2)
  - GoogleUtilities/AppDelegateSwizzler (7.10.0):
    - GoogleUtilities/Environment
    - GoogleUtilities/Logger
    - GoogleUtilities/Network
  - GoogleUtilities/Environment (7.10.0):
    - PromisesObjC (< 3.0, >= 1.2)
  - GoogleUtilities/ISASwizzler (7.10.0)
  - GoogleUtilities/Logger (7.10.0):
    - GoogleUtilities/Environment
  - GoogleUtilities/MethodSwizzler (7.10.0):
    - GoogleUtilities/Logger
  - GoogleUtilities/Network (7.10.0):
    - GoogleUtilities/Logger
    - "GoogleUtilities/NSData+zlib"
    - GoogleUtilities/Reachability
  - "GoogleUtilities/NSData+zlib (7.10.0)"
  - GoogleUtilities/Reachability (7.10.0):
    - GoogleUtilities/Logger
  - GoogleUtilities/UserDefaults (7.10.0):
    - GoogleUtilities/Logger
  - Hero (1.6.2)
  - IQKeyboardManagerSwift (6.5.10)
  - lottie-ios (4.1.3)
  - nanopb (2.30909.0):
    - nanopb/decode (= 2.30909.0)
    - nanopb/encode (= 2.30909.0)
  - nanopb/decode (2.30909.0)
  - nanopb/encode (2.30909.0)
  - "NSObject+Rx (5.2.2)":
    - RxSwift (~> 6.2)
  - NVActivityIndicatorView (5.1.1):
    - NVActivityIndicatorView/Base (= 5.1.1)
  - NVActivityIndicatorView/Base (5.1.1)
  - PromisesObjC (2.1.1)
  - Realm (10.35.0):
    - Realm/Headers (= 10.35.0)
  - Realm/Headers (10.35.0)
  - RealmSwift (10.35.0):
    - Realm (= 10.35.0)
  - RxCocoa (6.5.0):
    - RxRelay (= 6.5.0)
    - RxSwift (= 6.5.0)
  - RxDataSources (5.0.0):
    - Differentiator (~> 5.0)
    - RxCocoa (~> 6.0)
    - RxSwift (~> 6.0)
  - RxRelay (6.5.0):
    - RxSwift (= 6.5.0)
  - RxSwift (6.5.0)
  - SkyFloatingLabelTextField (3.8.0)
  - SnapKit (5.6.0)
  - SPIndicator (1.6.4)
  - TransitionableTab (0.2.0)
  - ViewAnimator (3.1.0)

DEPENDENCIES:
  - Cluster
  - Cosmos (~> 23.0)
  - FaveButton
  - FirebaseAnalytics
  - FirebaseCrashlytics
  - FirebasePerformance
  - Floaty (~> 4.2.0)
  - Hero
  - IQKeyboardManagerSwift (= 6.5.10)
  - lottie-ios
  - "NSObject+Rx"
  - NVActivityIndicatorView
  - RealmSwift
  - RxCocoa
  - RxDataSources
  - RxSwift
  - SkyFloatingLabelTextField (~> 3.0)
  - SnapKit
  - SPIndicator
  - TransitionableTab (~> 0.2.0)
  - ViewAnimator

SPEC REPOS:
  trunk:
    - Cluster
    - Cosmos
    - Differentiator
    - FaveButton
    - FirebaseABTesting
    - FirebaseAnalytics
    - FirebaseCore
    - FirebaseCoreInternal
    - FirebaseCrashlytics
    - FirebaseInstallations
    - FirebasePerformance
    - FirebaseRemoteConfig
    - Floaty
    - GoogleAppMeasurement
    - GoogleDataTransport
    - GoogleUtilities
    - Hero
    - IQKeyboardManagerSwift
    - lottie-ios
    - nanopb
    - "NSObject+Rx"
    - NVActivityIndicatorView
    - PromisesObjC
    - Realm
    - RealmSwift
    - RxCocoa
    - RxDataSources
    - RxRelay
    - RxSwift
    - SkyFloatingLabelTextField
    - SnapKit
    - SPIndicator
    - TransitionableTab
    - ViewAnimator

SPEC CHECKSUMS:
  Cluster: d72510594f60d901905953aafdc811d1888177ae
  Cosmos: b5c6a9a637e28a061b54c8f8b1d8529d7d4db73f
  Differentiator: e8497ceab83c1b10ca233716d547b9af21b9344d
  FaveButton: 93cfebf6030336fa7653fad2068c3152ed668b39
  FirebaseABTesting: ae3b32fe26e761fd54c68e37a632a0097b599c87
  FirebaseAnalytics: 0be84b933ca3222bca03e8cccf020ad9b1c3c6ff
  FirebaseCore: 813838072b797b64f529f3c2ee35e696e5641dd1
  FirebaseCoreInternal: 091bde13e47bb1c5e9fe397634f3593dc390430f
  FirebaseCrashlytics: 52e821fd4d36eba20a251a53549c2778b455f360
  FirebaseInstallations: 36b38c733fd37e50857e5e8d74138648f466f18c
  FirebasePerformance: b157e90b0fb79c3eb64de3934cfc040d587c95ee
  FirebaseRemoteConfig: bf23f54161ebad4fb4acb1ac44ad7783a784f3ab
  Floaty: e2bd5a0f6f7f70899e26ff2da31081c8bee8d1b0
  GoogleAppMeasurement: 173fa22ce7d62c29332568e853b39b2525a0e584
  GoogleDataTransport: ea169759df570f4e37bdee1623ec32a7e64e67c4
  GoogleUtilities: bad72cb363809015b1f7f19beb1f1cd23c589f95
  Hero: c69009dbc9e2f0472e081adc644dba05fcedae72
  IQKeyboardManagerSwift: 52962c76ab33532f15ad9f3ff4e5715eda5335bb
  lottie-ios: d0954d3150061f662ed0adf96ef98d7421864c47
  nanopb: b552cce312b6c8484180ef47159bc0f65a1f0431
  "NSObject+Rx": 61cf1f7306a73dcef8b36649198af0813ec18dfd
  NVActivityIndicatorView: 1f6c5687f1171810aa27a3296814dc2d7dec3667
  PromisesObjC: ab77feca74fa2823e7af4249b8326368e61014cb
  Realm: e6b04f15a814cb22aae621e7e15f2ccb27ac8f95
  RealmSwift: b358779c10ba6d2648d541f8a1bcd671f73485c1
  RxCocoa: 94f817b71c07517321eb4f9ad299112ca8af743b
  RxDataSources: aa47cc1ed6c500fa0dfecac5c979b723542d79cf
  RxRelay: 1de1523e604c72b6c68feadedd1af3b1b4d0ecbd
  RxSwift: 5710a9e6b17f3c3d6e40d6e559b9fa1e813b2ef8
  SkyFloatingLabelTextField: 5a338412114808e961fe2d14ea2c5452c8b6e4aa
  SnapKit: e01d52ebb8ddbc333eefe2132acf85c8227d9c25
  SPIndicator: 93e0a4fb23de51294ac48e874c0f081a5e293e4f
  TransitionableTab: 54a5d0af475033bdb83959fde4e5d6201af7e2ab
  ViewAnimator: a9ceed80266e00fd435ec4fb99b2df64d580d0e4

PODFILE CHECKSUM: 73d466da8f6ab9048b21d28f61d927b3d05f1455

COCOAPODS: 1.11.3
