PODS:
  - AcknowList (3.0.0)
  - Cluster (3.0.3)
  - Differentiator (5.0.0)
  - DropDown (2.3.13)
  - "NSObject+Rx (5.2.2)":
    - RxSwift (~> 6.2)
  - NVActivityIndicatorView (5.1.1):
    - NVActivityIndicatorView/Base (= 5.1.1)
  - NVActivityIndicatorView/Base (5.1.1)
  - PopOverMenu (3.0.0)
  - Realm (10.35.0):
    - Realm/Headers (= 10.35.0)
  - Realm/Headers (10.35.0)
  - RealmSwift (10.35.0):
    - Realm (= 10.35.0)
  - RxCocoa (6.5.0):
    - RxRelay (= 6.5.0)
    - RxSwift (= 6.5.0)
  - RxDataSources (5.0.0):
    - Differentiator (~> 5.0)
    - RxCocoa (~> 6.0)
    - RxSwift (~> 6.0)
  - RxRelay (6.5.0):
    - RxSwift (= 6.5.0)
  - RxSwift (6.5.0)
  - SnapKit (5.6.0)
  - SPIndicator (1.6.4)
  - ViewAnimator (3.1.0)

DEPENDENCIES:
  - AcknowList
  - Cluster
  - DropDown
  - "NSObject+Rx"
  - NVActivityIndicatorView
  - PopOverMenu (~> 3.0)
  - RealmSwift
  - RxCocoa
  - RxDataSources
  - RxSwift
  - SnapKit
  - SPIndicator
  - ViewAnimator

SPEC REPOS:
  trunk:
    - AcknowList
    - Cluster
    - Differentiator
    - DropDown
    - "NSObject+Rx"
    - NVActivityIndicatorView
    - PopOverMenu
    - Realm
    - RealmSwift
    - RxCocoa
    - RxDataSources
    - RxRelay
    - RxSwift
    - SnapKit
    - SPIndicator
    - ViewAnimator

SPEC CHECKSUMS:
  AcknowList: 931531a3e9d66f202ae8e04819a62c50b818b03e
  Cluster: d72510594f60d901905953aafdc811d1888177ae
  Differentiator: e8497ceab83c1b10ca233716d547b9af21b9344d
  DropDown: 8a2116376c1981888557f72ec2ffc9a5e0e456ec
  "NSObject+Rx": 61cf1f7306a73dcef8b36649198af0813ec18dfd
  NVActivityIndicatorView: 1f6c5687f1171810aa27a3296814dc2d7dec3667
  PopOverMenu: 04e57f390bbdb6bd41cb6a5801fd3462e1ef0895
  Realm: e6b04f15a814cb22aae621e7e15f2ccb27ac8f95
  RealmSwift: b358779c10ba6d2648d541f8a1bcd671f73485c1
  RxCocoa: 94f817b71c07517321eb4f9ad299112ca8af743b
  RxDataSources: aa47cc1ed6c500fa0dfecac5c979b723542d79cf
  RxRelay: 1de1523e604c72b6c68feadedd1af3b1b4d0ecbd
  RxSwift: 5710a9e6b17f3c3d6e40d6e559b9fa1e813b2ef8
  SnapKit: e01d52ebb8ddbc333eefe2132acf85c8227d9c25
  SPIndicator: 93e0a4fb23de51294ac48e874c0f081a5e293e4f
  ViewAnimator: a9ceed80266e00fd435ec4fb99b2df64d580d0e4

PODFILE CHECKSUM: 348ef2f9790e567878031969604766c163fb13fa

COCOAPODS: 1.11.3
