// !$*UTF8*$!
{
	archiveVersion = 1;
	classes = {
	};
	objectVersion = 56;
	objects = {

/* Begin PBXBuildFile section */
		0751435E29C17A8400109B8E /* Annotation.swift in Sources */ = {isa = PBXBuildFile; fileRef = 0751435D29C17A8400109B8E /* Annotation.swift */; };
		0751436429C1E58000109B8E /* CountClusterAnnotationView.swift in Sources */ = {isa = PBXBuildFile; fileRef = 0751436329C1E58000109B8E /* CountClusterAnnotationView.swift */; };
		0751436629C1F78600109B8E /* AnnotationView.swift in Sources */ = {isa = PBXBuildFile; fileRef = 0751436529C1F78600109B8E /* AnnotationView.swift */; };
		07987ED129C05772004B87F0 /* ThemeCellData.swift in Sources */ = {isa = PBXBuildFile; fileRef = 07987ED029C05772004B87F0 /* ThemeCellData.swift */; };
		07987ED429C0B5BE004B87F0 /* MapItem.swift in Sources */ = {isa = PBXBuildFile; fileRef = 07987ED329C0B5BE004B87F0 /* MapItem.swift */; };
		0799CC9629BF584B006AB70D /* AppDelegate.swift in Sources */ = {isa = PBXBuildFile; fileRef = 0799CC9529BF584B006AB70D /* AppDelegate.swift */; };
		0799CC9829BF584B006AB70D /* SceneDelegate.swift in Sources */ = {isa = PBXBuildFile; fileRef = 0799CC9729BF584B006AB70D /* SceneDelegate.swift */; };
		0799CC9D29BF584B006AB70D /* Main.storyboard in Resources */ = {isa = PBXBuildFile; fileRef = 0799CC9B29BF584B006AB70D /* Main.storyboard */; };
		0799CC9F29BF584C006AB70D /* Assets.xcassets in Resources */ = {isa = PBXBuildFile; fileRef = 0799CC9E29BF584C006AB70D /* Assets.xcassets */; };
		0799CCA229BF584C006AB70D /* LaunchScreen.storyboard in Resources */ = {isa = PBXBuildFile; fileRef = 0799CCA029BF584C006AB70D /* LaunchScreen.storyboard */; };
		0799CCAD29BF584C006AB70D /* StrollPlacesTests.swift in Sources */ = {isa = PBXBuildFile; fileRef = 0799CCAC29BF584C006AB70D /* StrollPlacesTests.swift */; };
		0799CCB729BF584C006AB70D /* StrollPlacesUITests.swift in Sources */ = {isa = PBXBuildFile; fileRef = 0799CCB629BF584C006AB70D /* StrollPlacesUITests.swift */; };
		0799CCB929BF584C006AB70D /* StrollPlacesUITestsLaunchTests.swift in Sources */ = {isa = PBXBuildFile; fileRef = 0799CCB829BF584C006AB70D /* StrollPlacesUITestsLaunchTests.swift */; };
		0799CCC829BF595C006AB70D /* TabBarController.swift in Sources */ = {isa = PBXBuildFile; fileRef = 0799CCC729BF595C006AB70D /* TabBarController.swift */; };
		0799CCCA29BF596E006AB70D /* MapViewController.swift in Sources */ = {isa = PBXBuildFile; fileRef = 0799CCC929BF596E006AB70D /* MapViewController.swift */; };
		0799CCCC29BF5979006AB70D /* MyPlaceViewController.swift in Sources */ = {isa = PBXBuildFile; fileRef = 0799CCCB29BF5979006AB70D /* MyPlaceViewController.swift */; };
		0799CCCE29BF5980006AB70D /* SettingViewController.swift in Sources */ = {isa = PBXBuildFile; fileRef = 0799CCCD29BF5980006AB70D /* SettingViewController.swift */; };
		0799CCD329BF59C0006AB70D /* Park.swift in Sources */ = {isa = PBXBuildFile; fileRef = 0799CCD229BF59C0006AB70D /* Park.swift */; };
		0799CCD629BF59F3006AB70D /* ThemeCollectionViewCell.swift in Sources */ = {isa = PBXBuildFile; fileRef = 0799CCD429BF59F3006AB70D /* ThemeCollectionViewCell.swift */; };
		0799CCD729BF59F3006AB70D /* ThemeCollectionViewCell.xib in Resources */ = {isa = PBXBuildFile; fileRef = 0799CCD529BF59F3006AB70D /* ThemeCollectionViewCell.xib */; };
		0799CCDB29BF5A6F006AB70D /* K.swift in Sources */ = {isa = PBXBuildFile; fileRef = 0799CCDA29BF5A6F006AB70D /* K.swift */; };
		0799CCDD29BF5D02006AB70D /* MapViewModel.swift in Sources */ = {isa = PBXBuildFile; fileRef = 0799CCDC29BF5D02006AB70D /* MapViewModel.swift */; };
		0799CCDF29BF5D5D006AB70D /* ThemeCollectionViewModel.swift in Sources */ = {isa = PBXBuildFile; fileRef = 0799CCDE29BF5D5D006AB70D /* ThemeCollectionViewModel.swift */; };
		0799CCE229BF61FC006AB70D /* WalkingSpot.swift in Sources */ = {isa = PBXBuildFile; fileRef = 0799CCE129BF61FC006AB70D /* WalkingSpot.swift */; };
		0799CCE429BF6204006AB70D /* TourSpot.swift in Sources */ = {isa = PBXBuildFile; fileRef = 0799CCE329BF6204006AB70D /* TourSpot.swift */; };
		0799CCE729BF62A9006AB70D /* SouthKoreaTourSpotData_qc_20230312.csv in Resources */ = {isa = PBXBuildFile; fileRef = 0799CCE529BF62A9006AB70D /* SouthKoreaTourSpotData_qc_20230312.csv */; };
		0799CCE829BF62A9006AB70D /* SouthKoreaParkData_qc_20230312.csv in Resources */ = {isa = PBXBuildFile; fileRef = 0799CCE629BF62A9006AB70D /* SouthKoreaParkData_qc_20230312.csv */; };
		0799CCEA29BF65A9006AB70D /* MKMapView.swift in Sources */ = {isa = PBXBuildFile; fileRef = 0799CCE929BF65A9006AB70D /* MKMapView.swift */; };
		0799CCEC29BF6E10006AB70D /* Double.swift in Sources */ = {isa = PBXBuildFile; fileRef = 0799CCEB29BF6E10006AB70D /* Double.swift */; };
		07AFB58F29C011DD00DD1C34 /* SettingViewModel.swift in Sources */ = {isa = PBXBuildFile; fileRef = 07AFB58E29C011DD00DD1C34 /* SettingViewModel.swift */; };
		07AFB59129C012A600DD1C34 /* SettingCellData.swift in Sources */ = {isa = PBXBuildFile; fileRef = 07AFB59029C012A600DD1C34 /* SettingCellData.swift */; };
		07AFB59329C024BD00DD1C34 /* AppSetting.swift in Sources */ = {isa = PBXBuildFile; fileRef = 07AFB59229C024BD00DD1C34 /* AppSetting.swift */; };
		119150A1FD78048A2B1AA21A /* Pods_StrollPlaces_StrollPlacesUITests.framework in Frameworks */ = {isa = PBXBuildFile; fileRef = 397451D7E7C5B4783076C56E /* Pods_StrollPlaces_StrollPlacesUITests.framework */; };
		47C285DB61BA24413BB8DB41 /* Pods_StrollPlaces.framework in Frameworks */ = {isa = PBXBuildFile; fileRef = 36BB15C57B4A8E2861E602A1 /* Pods_StrollPlaces.framework */; };
		D833011D7D771016C3150402 /* Pods_StrollPlacesTests.framework in Frameworks */ = {isa = PBXBuildFile; fileRef = 67D7077385DE03245CFFA290 /* Pods_StrollPlacesTests.framework */; };
/* End PBXBuildFile section */

/* Begin PBXContainerItemProxy section */
		0799CCA929BF584C006AB70D /* PBXContainerItemProxy */ = {
			isa = PBXContainerItemProxy;
			containerPortal = 0799CC8A29BF584B006AB70D /* Project object */;
			proxyType = 1;
			remoteGlobalIDString = 0799CC9129BF584B006AB70D;
			remoteInfo = StrollPlaces;
		};
		0799CCB329BF584C006AB70D /* PBXContainerItemProxy */ = {
			isa = PBXContainerItemProxy;
			containerPortal = 0799CC8A29BF584B006AB70D /* Project object */;
			proxyType = 1;
			remoteGlobalIDString = 0799CC9129BF584B006AB70D;
			remoteInfo = StrollPlaces;
		};
/* End PBXContainerItemProxy section */

/* Begin PBXFileReference section */
		06DC4CC2BC10739BAF3EB5C9 /* Pods-StrollPlaces.release.xcconfig */ = {isa = PBXFileReference; includeInIndex = 1; lastKnownFileType = text.xcconfig; name = "Pods-StrollPlaces.release.xcconfig"; path = "Target Support Files/Pods-StrollPlaces/Pods-StrollPlaces.release.xcconfig"; sourceTree = "<group>"; };
		0751435D29C17A8400109B8E /* Annotation.swift */ = {isa = PBXFileReference; lastKnownFileType = sourcecode.swift; name = Annotation.swift; path = StrollPlaces/Model/Annotation.swift; sourceTree = SOURCE_ROOT; };
		0751436329C1E58000109B8E /* CountClusterAnnotationView.swift */ = {isa = PBXFileReference; lastKnownFileType = sourcecode.swift; path = CountClusterAnnotationView.swift; sourceTree = "<group>"; };
		0751436529C1F78600109B8E /* AnnotationView.swift */ = {isa = PBXFileReference; lastKnownFileType = sourcecode.swift; path = AnnotationView.swift; sourceTree = "<group>"; };
		07987ED029C05772004B87F0 /* ThemeCellData.swift */ = {isa = PBXFileReference; lastKnownFileType = sourcecode.swift; path = ThemeCellData.swift; sourceTree = "<group>"; };
		07987ED329C0B5BE004B87F0 /* MapItem.swift */ = {isa = PBXFileReference; lastKnownFileType = sourcecode.swift; path = MapItem.swift; sourceTree = "<group>"; };
		0799CC9229BF584B006AB70D /* StrollPlaces.app */ = {isa = PBXFileReference; explicitFileType = wrapper.application; includeInIndex = 0; path = StrollPlaces.app; sourceTree = BUILT_PRODUCTS_DIR; };
		0799CC9529BF584B006AB70D /* AppDelegate.swift */ = {isa = PBXFileReference; lastKnownFileType = sourcecode.swift; path = AppDelegate.swift; sourceTree = "<group>"; };
		0799CC9729BF584B006AB70D /* SceneDelegate.swift */ = {isa = PBXFileReference; lastKnownFileType = sourcecode.swift; path = SceneDelegate.swift; sourceTree = "<group>"; };
		0799CC9C29BF584B006AB70D /* Base */ = {isa = PBXFileReference; lastKnownFileType = file.storyboard; name = Base; path = Base.lproj/Main.storyboard; sourceTree = "<group>"; };
		0799CC9E29BF584C006AB70D /* Assets.xcassets */ = {isa = PBXFileReference; lastKnownFileType = folder.assetcatalog; path = Assets.xcassets; sourceTree = "<group>"; };
		0799CCA129BF584C006AB70D /* Base */ = {isa = PBXFileReference; lastKnownFileType = file.storyboard; name = Base; path = Base.lproj/LaunchScreen.storyboard; sourceTree = "<group>"; };
		0799CCA329BF584C006AB70D /* Info.plist */ = {isa = PBXFileReference; lastKnownFileType = text.plist.xml; path = Info.plist; sourceTree = "<group>"; };
		0799CCA829BF584C006AB70D /* StrollPlacesTests.xctest */ = {isa = PBXFileReference; explicitFileType = wrapper.cfbundle; includeInIndex = 0; path = StrollPlacesTests.xctest; sourceTree = BUILT_PRODUCTS_DIR; };
		0799CCAC29BF584C006AB70D /* StrollPlacesTests.swift */ = {isa = PBXFileReference; lastKnownFileType = sourcecode.swift; path = StrollPlacesTests.swift; sourceTree = "<group>"; };
		0799CCB229BF584C006AB70D /* StrollPlacesUITests.xctest */ = {isa = PBXFileReference; explicitFileType = wrapper.cfbundle; includeInIndex = 0; path = StrollPlacesUITests.xctest; sourceTree = BUILT_PRODUCTS_DIR; };
		0799CCB629BF584C006AB70D /* StrollPlacesUITests.swift */ = {isa = PBXFileReference; lastKnownFileType = sourcecode.swift; path = StrollPlacesUITests.swift; sourceTree = "<group>"; };
		0799CCB829BF584C006AB70D /* StrollPlacesUITestsLaunchTests.swift */ = {isa = PBXFileReference; lastKnownFileType = sourcecode.swift; path = StrollPlacesUITestsLaunchTests.swift; sourceTree = "<group>"; };
		0799CCC729BF595C006AB70D /* TabBarController.swift */ = {isa = PBXFileReference; lastKnownFileType = sourcecode.swift; path = TabBarController.swift; sourceTree = "<group>"; };
		0799CCC929BF596E006AB70D /* MapViewController.swift */ = {isa = PBXFileReference; lastKnownFileType = sourcecode.swift; path = MapViewController.swift; sourceTree = "<group>"; };
		0799CCCB29BF5979006AB70D /* MyPlaceViewController.swift */ = {isa = PBXFileReference; lastKnownFileType = sourcecode.swift; path = MyPlaceViewController.swift; sourceTree = "<group>"; };
		0799CCCD29BF5980006AB70D /* SettingViewController.swift */ = {isa = PBXFileReference; lastKnownFileType = sourcecode.swift; path = SettingViewController.swift; sourceTree = "<group>"; };
		0799CCD229BF59C0006AB70D /* Park.swift */ = {isa = PBXFileReference; lastKnownFileType = sourcecode.swift; path = Park.swift; sourceTree = "<group>"; };
		0799CCD429BF59F3006AB70D /* ThemeCollectionViewCell.swift */ = {isa = PBXFileReference; lastKnownFileType = sourcecode.swift; path = ThemeCollectionViewCell.swift; sourceTree = "<group>"; };
		0799CCD529BF59F3006AB70D /* ThemeCollectionViewCell.xib */ = {isa = PBXFileReference; lastKnownFileType = file.xib; path = ThemeCollectionViewCell.xib; sourceTree = "<group>"; };
		0799CCDA29BF5A6F006AB70D /* K.swift */ = {isa = PBXFileReference; lastKnownFileType = sourcecode.swift; path = K.swift; sourceTree = "<group>"; };
		0799CCDC29BF5D02006AB70D /* MapViewModel.swift */ = {isa = PBXFileReference; lastKnownFileType = sourcecode.swift; path = MapViewModel.swift; sourceTree = "<group>"; };
		0799CCDE29BF5D5D006AB70D /* ThemeCollectionViewModel.swift */ = {isa = PBXFileReference; lastKnownFileType = sourcecode.swift; path = ThemeCollectionViewModel.swift; sourceTree = "<group>"; };
		0799CCE129BF61FC006AB70D /* WalkingSpot.swift */ = {isa = PBXFileReference; lastKnownFileType = sourcecode.swift; path = WalkingSpot.swift; sourceTree = "<group>"; };
		0799CCE329BF6204006AB70D /* TourSpot.swift */ = {isa = PBXFileReference; lastKnownFileType = sourcecode.swift; path = TourSpot.swift; sourceTree = "<group>"; };
		0799CCE529BF62A9006AB70D /* SouthKoreaTourSpotData_qc_20230312.csv */ = {isa = PBXFileReference; fileEncoding = 4; lastKnownFileType = text; path = SouthKoreaTourSpotData_qc_20230312.csv; sourceTree = "<group>"; };
		0799CCE629BF62A9006AB70D /* SouthKoreaParkData_qc_20230312.csv */ = {isa = PBXFileReference; fileEncoding = 4; lastKnownFileType = text; path = SouthKoreaParkData_qc_20230312.csv; sourceTree = "<group>"; };
		0799CCE929BF65A9006AB70D /* MKMapView.swift */ = {isa = PBXFileReference; lastKnownFileType = sourcecode.swift; path = MKMapView.swift; sourceTree = "<group>"; };
		0799CCEB29BF6E10006AB70D /* Double.swift */ = {isa = PBXFileReference; lastKnownFileType = sourcecode.swift; path = Double.swift; sourceTree = "<group>"; };
		07AFB58E29C011DD00DD1C34 /* SettingViewModel.swift */ = {isa = PBXFileReference; lastKnownFileType = sourcecode.swift; path = SettingViewModel.swift; sourceTree = "<group>"; };
		07AFB59029C012A600DD1C34 /* SettingCellData.swift */ = {isa = PBXFileReference; lastKnownFileType = sourcecode.swift; path = SettingCellData.swift; sourceTree = "<group>"; };
		07AFB59229C024BD00DD1C34 /* AppSetting.swift */ = {isa = PBXFileReference; lastKnownFileType = sourcecode.swift; path = AppSetting.swift; sourceTree = "<group>"; };
		16650632E032CF58426FB33C /* Pods-StrollPlaces-StrollPlacesUITests.release.xcconfig */ = {isa = PBXFileReference; includeInIndex = 1; lastKnownFileType = text.xcconfig; name = "Pods-StrollPlaces-StrollPlacesUITests.release.xcconfig"; path = "Target Support Files/Pods-StrollPlaces-StrollPlacesUITests/Pods-StrollPlaces-StrollPlacesUITests.release.xcconfig"; sourceTree = "<group>"; };
		36BB15C57B4A8E2861E602A1 /* Pods_StrollPlaces.framework */ = {isa = PBXFileReference; explicitFileType = wrapper.framework; includeInIndex = 0; path = Pods_StrollPlaces.framework; sourceTree = BUILT_PRODUCTS_DIR; };
		397451D7E7C5B4783076C56E /* Pods_StrollPlaces_StrollPlacesUITests.framework */ = {isa = PBXFileReference; explicitFileType = wrapper.framework; includeInIndex = 0; path = Pods_StrollPlaces_StrollPlacesUITests.framework; sourceTree = BUILT_PRODUCTS_DIR; };
		67D7077385DE03245CFFA290 /* Pods_StrollPlacesTests.framework */ = {isa = PBXFileReference; explicitFileType = wrapper.framework; includeInIndex = 0; path = Pods_StrollPlacesTests.framework; sourceTree = BUILT_PRODUCTS_DIR; };
		8330C6868F35B7508B9C8311 /* Pods-StrollPlacesTests.debug.xcconfig */ = {isa = PBXFileReference; includeInIndex = 1; lastKnownFileType = text.xcconfig; name = "Pods-StrollPlacesTests.debug.xcconfig"; path = "Target Support Files/Pods-StrollPlacesTests/Pods-StrollPlacesTests.debug.xcconfig"; sourceTree = "<group>"; };
		8D3C143F3D4DD06B08B673BF /* Pods-StrollPlaces-StrollPlacesUITests.debug.xcconfig */ = {isa = PBXFileReference; includeInIndex = 1; lastKnownFileType = text.xcconfig; name = "Pods-StrollPlaces-StrollPlacesUITests.debug.xcconfig"; path = "Target Support Files/Pods-StrollPlaces-StrollPlacesUITests/Pods-StrollPlaces-StrollPlacesUITests.debug.xcconfig"; sourceTree = "<group>"; };
		DAE6C4FAFD8200F2BA532A6A /* Pods-StrollPlaces.debug.xcconfig */ = {isa = PBXFileReference; includeInIndex = 1; lastKnownFileType = text.xcconfig; name = "Pods-StrollPlaces.debug.xcconfig"; path = "Target Support Files/Pods-StrollPlaces/Pods-StrollPlaces.debug.xcconfig"; sourceTree = "<group>"; };
		E8C17C7780C6F44B5BE228BC /* Pods-StrollPlacesTests.release.xcconfig */ = {isa = PBXFileReference; includeInIndex = 1; lastKnownFileType = text.xcconfig; name = "Pods-StrollPlacesTests.release.xcconfig"; path = "Target Support Files/Pods-StrollPlacesTests/Pods-StrollPlacesTests.release.xcconfig"; sourceTree = "<group>"; };
/* End PBXFileReference section */

/* Begin PBXFrameworksBuildPhase section */
		0799CC8F29BF584B006AB70D /* Frameworks */ = {
			isa = PBXFrameworksBuildPhase;
			buildActionMask = 2147483647;
			files = (
				47C285DB61BA24413BB8DB41 /* Pods_StrollPlaces.framework in Frameworks */,
			);
			runOnlyForDeploymentPostprocessing = 0;
		};
		0799CCA529BF584C006AB70D /* Frameworks */ = {
			isa = PBXFrameworksBuildPhase;
			buildActionMask = 2147483647;
			files = (
				D833011D7D771016C3150402 /* Pods_StrollPlacesTests.framework in Frameworks */,
			);
			runOnlyForDeploymentPostprocessing = 0;
		};
		0799CCAF29BF584C006AB70D /* Frameworks */ = {
			isa = PBXFrameworksBuildPhase;
			buildActionMask = 2147483647;
			files = (
				119150A1FD78048A2B1AA21A /* Pods_StrollPlaces_StrollPlacesUITests.framework in Frameworks */,
			);
			runOnlyForDeploymentPostprocessing = 0;
		};
/* End PBXFrameworksBuildPhase section */

/* Begin PBXGroup section */
		0799CC8929BF584B006AB70D = {
			isa = PBXGroup;
			children = (
				0799CC9429BF584B006AB70D /* StrollPlaces */,
				0799CCAB29BF584C006AB70D /* StrollPlacesTests */,
				0799CCB529BF584C006AB70D /* StrollPlacesUITests */,
				0799CC9329BF584B006AB70D /* Products */,
				CCFB79114FD009998CD50126 /* Pods */,
				911A2571663AC9DCAF7EFE9B /* Frameworks */,
			);
			sourceTree = "<group>";
		};
		0799CC9329BF584B006AB70D /* Products */ = {
			isa = PBXGroup;
			children = (
				0799CC9229BF584B006AB70D /* StrollPlaces.app */,
				0799CCA829BF584C006AB70D /* StrollPlacesTests.xctest */,
				0799CCB229BF584C006AB70D /* StrollPlacesUITests.xctest */,
			);
			name = Products;
			sourceTree = "<group>";
		};
		0799CC9429BF584B006AB70D /* StrollPlaces */ = {
			isa = PBXGroup;
			children = (
				0799CCE629BF62A9006AB70D /* SouthKoreaParkData_qc_20230312.csv */,
				0799CCE529BF62A9006AB70D /* SouthKoreaTourSpotData_qc_20230312.csv */,
				0799CC9529BF584B006AB70D /* AppDelegate.swift */,
				0799CC9729BF584B006AB70D /* SceneDelegate.swift */,
				0799CC9B29BF584B006AB70D /* Main.storyboard */,
				0799CC9E29BF584C006AB70D /* Assets.xcassets */,
				0799CCA029BF584C006AB70D /* LaunchScreen.storyboard */,
				0799CCA329BF584C006AB70D /* Info.plist */,
				0799CCD929BF5A62006AB70D /* Extension */,
				0799CCD829BF5A5E006AB70D /* Helper */,
				0799CCD129BF59A0006AB70D /* Model */,
				0799CCC529BF5941006AB70D /* View */,
				0799CCD029BF5996006AB70D /* ViewModel */,
			);
			path = StrollPlaces;
			sourceTree = "<group>";
		};
		0799CCAB29BF584C006AB70D /* StrollPlacesTests */ = {
			isa = PBXGroup;
			children = (
				0799CCAC29BF584C006AB70D /* StrollPlacesTests.swift */,
			);
			path = StrollPlacesTests;
			sourceTree = "<group>";
		};
		0799CCB529BF584C006AB70D /* StrollPlacesUITests */ = {
			isa = PBXGroup;
			children = (
				0799CCB629BF584C006AB70D /* StrollPlacesUITests.swift */,
				0799CCB829BF584C006AB70D /* StrollPlacesUITestsLaunchTests.swift */,
			);
			path = StrollPlacesUITests;
			sourceTree = "<group>";
		};
		0799CCC529BF5941006AB70D /* View */ = {
			isa = PBXGroup;
			children = (
				0799CCC629BF5947006AB70D /* Controller */,
				0799CCCF29BF5987006AB70D /* Others */,
			);
			path = View;
			sourceTree = "<group>";
		};
		0799CCC629BF5947006AB70D /* Controller */ = {
			isa = PBXGroup;
			children = (
				0799CCC729BF595C006AB70D /* TabBarController.swift */,
				0799CCC929BF596E006AB70D /* MapViewController.swift */,
				0799CCCB29BF5979006AB70D /* MyPlaceViewController.swift */,
				0799CCCD29BF5980006AB70D /* SettingViewController.swift */,
			);
			path = Controller;
			sourceTree = "<group>";
		};
		0799CCCF29BF5987006AB70D /* Others */ = {
			isa = PBXGroup;
			children = (
				0799CCD429BF59F3006AB70D /* ThemeCollectionViewCell.swift */,
				0799CCD529BF59F3006AB70D /* ThemeCollectionViewCell.xib */,
			);
			path = Others;
			sourceTree = "<group>";
		};
		0799CCD029BF5996006AB70D /* ViewModel */ = {
			isa = PBXGroup;
			children = (
				0799CCDC29BF5D02006AB70D /* MapViewModel.swift */,
				0799CCDE29BF5D5D006AB70D /* ThemeCollectionViewModel.swift */,
				07AFB58E29C011DD00DD1C34 /* SettingViewModel.swift */,
			);
			path = ViewModel;
			sourceTree = "<group>";
		};
		0799CCD129BF59A0006AB70D /* Model */ = {
			isa = PBXGroup;
			children = (
				0799CCD229BF59C0006AB70D /* Park.swift */,
				0799CCE129BF61FC006AB70D /* WalkingSpot.swift */,
				0799CCE329BF6204006AB70D /* TourSpot.swift */,
				07AFB59029C012A600DD1C34 /* SettingCellData.swift */,
				07987ED029C05772004B87F0 /* ThemeCellData.swift */,
				0751435D29C17A8400109B8E /* Annotation.swift */,
			);
			path = Model;
			sourceTree = "<group>";
		};
		0799CCD829BF5A5E006AB70D /* Helper */ = {
			isa = PBXGroup;
			children = (
				0799CCDA29BF5A6F006AB70D /* K.swift */,
				07AFB59229C024BD00DD1C34 /* AppSetting.swift */,
				07987ED329C0B5BE004B87F0 /* MapItem.swift */,
				0751436329C1E58000109B8E /* CountClusterAnnotationView.swift */,
				0751436529C1F78600109B8E /* AnnotationView.swift */,
			);
			path = Helper;
			sourceTree = "<group>";
		};
		0799CCD929BF5A62006AB70D /* Extension */ = {
			isa = PBXGroup;
			children = (
				0799CCE929BF65A9006AB70D /* MKMapView.swift */,
				0799CCEB29BF6E10006AB70D /* Double.swift */,
			);
			path = Extension;
			sourceTree = "<group>";
		};
		911A2571663AC9DCAF7EFE9B /* Frameworks */ = {
			isa = PBXGroup;
			children = (
				36BB15C57B4A8E2861E602A1 /* Pods_StrollPlaces.framework */,
				397451D7E7C5B4783076C56E /* Pods_StrollPlaces_StrollPlacesUITests.framework */,
				67D7077385DE03245CFFA290 /* Pods_StrollPlacesTests.framework */,
			);
			name = Frameworks;
			sourceTree = "<group>";
		};
		CCFB79114FD009998CD50126 /* Pods */ = {
			isa = PBXGroup;
			children = (
				DAE6C4FAFD8200F2BA532A6A /* Pods-StrollPlaces.debug.xcconfig */,
				06DC4CC2BC10739BAF3EB5C9 /* Pods-StrollPlaces.release.xcconfig */,
				8D3C143F3D4DD06B08B673BF /* Pods-StrollPlaces-StrollPlacesUITests.debug.xcconfig */,
				16650632E032CF58426FB33C /* Pods-StrollPlaces-StrollPlacesUITests.release.xcconfig */,
				8330C6868F35B7508B9C8311 /* Pods-StrollPlacesTests.debug.xcconfig */,
				E8C17C7780C6F44B5BE228BC /* Pods-StrollPlacesTests.release.xcconfig */,
			);
			path = Pods;
			sourceTree = "<group>";
		};
/* End PBXGroup section */

/* Begin PBXNativeTarget section */
		0799CC9129BF584B006AB70D /* StrollPlaces */ = {
			isa = PBXNativeTarget;
			buildConfigurationList = 0799CCBC29BF584C006AB70D /* Build configuration list for PBXNativeTarget "StrollPlaces" */;
			buildPhases = (
				9BDE6709A83E9E278899FBD5 /* [CP] Check Pods Manifest.lock */,
				0799CC8E29BF584B006AB70D /* Sources */,
				0799CC8F29BF584B006AB70D /* Frameworks */,
				0799CC9029BF584B006AB70D /* Resources */,
				4DF3F305FB9B617114A5E612 /* [CP] Embed Pods Frameworks */,
			);
			buildRules = (
			);
			dependencies = (
			);
			name = StrollPlaces;
			productName = StrollPlaces;
			productReference = 0799CC9229BF584B006AB70D /* StrollPlaces.app */;
			productType = "com.apple.product-type.application";
		};
		0799CCA729BF584C006AB70D /* StrollPlacesTests */ = {
			isa = PBXNativeTarget;
			buildConfigurationList = 0799CCBF29BF584C006AB70D /* Build configuration list for PBXNativeTarget "StrollPlacesTests" */;
			buildPhases = (
				CDD8A230717A1A4BB31506A5 /* [CP] Check Pods Manifest.lock */,
				0799CCA429BF584C006AB70D /* Sources */,
				0799CCA529BF584C006AB70D /* Frameworks */,
				0799CCA629BF584C006AB70D /* Resources */,
			);
			buildRules = (
			);
			dependencies = (
				0799CCAA29BF584C006AB70D /* PBXTargetDependency */,
			);
			name = StrollPlacesTests;
			productName = StrollPlacesTests;
			productReference = 0799CCA829BF584C006AB70D /* StrollPlacesTests.xctest */;
			productType = "com.apple.product-type.bundle.unit-test";
		};
		0799CCB129BF584C006AB70D /* StrollPlacesUITests */ = {
			isa = PBXNativeTarget;
			buildConfigurationList = 0799CCC229BF584C006AB70D /* Build configuration list for PBXNativeTarget "StrollPlacesUITests" */;
			buildPhases = (
				EDB0A0BCA68E5F9586C5418C /* [CP] Check Pods Manifest.lock */,
				0799CCAE29BF584C006AB70D /* Sources */,
				0799CCAF29BF584C006AB70D /* Frameworks */,
				0799CCB029BF584C006AB70D /* Resources */,
				52BCE44DFE50AA39885C8023 /* [CP] Embed Pods Frameworks */,
			);
			buildRules = (
			);
			dependencies = (
				0799CCB429BF584C006AB70D /* PBXTargetDependency */,
			);
			name = StrollPlacesUITests;
			productName = StrollPlacesUITests;
			productReference = 0799CCB229BF584C006AB70D /* StrollPlacesUITests.xctest */;
			productType = "com.apple.product-type.bundle.ui-testing";
		};
/* End PBXNativeTarget section */

/* Begin PBXProject section */
		0799CC8A29BF584B006AB70D /* Project object */ = {
			isa = PBXProject;
			attributes = {
				BuildIndependentTargetsInParallel = 1;
				LastSwiftUpdateCheck = 1420;
				LastUpgradeCheck = 1420;
				TargetAttributes = {
					0799CC9129BF584B006AB70D = {
						CreatedOnToolsVersion = 14.2;
					};
					0799CCA729BF584C006AB70D = {
						CreatedOnToolsVersion = 14.2;
						TestTargetID = 0799CC9129BF584B006AB70D;
					};
					0799CCB129BF584C006AB70D = {
						CreatedOnToolsVersion = 14.2;
						TestTargetID = 0799CC9129BF584B006AB70D;
					};
				};
			};
			buildConfigurationList = 0799CC8D29BF584B006AB70D /* Build configuration list for PBXProject "StrollPlaces" */;
			compatibilityVersion = "Xcode 14.0";
			developmentRegion = en;
			hasScannedForEncodings = 0;
			knownRegions = (
				en,
				Base,
			);
			mainGroup = 0799CC8929BF584B006AB70D;
			productRefGroup = 0799CC9329BF584B006AB70D /* Products */;
			projectDirPath = "";
			projectRoot = "";
			targets = (
				0799CC9129BF584B006AB70D /* StrollPlaces */,
				0799CCA729BF584C006AB70D /* StrollPlacesTests */,
				0799CCB129BF584C006AB70D /* StrollPlacesUITests */,
			);
		};
/* End PBXProject section */

/* Begin PBXResourcesBuildPhase section */
		0799CC9029BF584B006AB70D /* Resources */ = {
			isa = PBXResourcesBuildPhase;
			buildActionMask = 2147483647;
			files = (
				0799CCE829BF62A9006AB70D /* SouthKoreaParkData_qc_20230312.csv in Resources */,
				0799CCA229BF584C006AB70D /* LaunchScreen.storyboard in Resources */,
				0799CC9F29BF584C006AB70D /* Assets.xcassets in Resources */,
				0799CCD729BF59F3006AB70D /* ThemeCollectionViewCell.xib in Resources */,
				0799CC9D29BF584B006AB70D /* Main.storyboard in Resources */,
				0799CCE729BF62A9006AB70D /* SouthKoreaTourSpotData_qc_20230312.csv in Resources */,
			);
			runOnlyForDeploymentPostprocessing = 0;
		};
		0799CCA629BF584C006AB70D /* Resources */ = {
			isa = PBXResourcesBuildPhase;
			buildActionMask = 2147483647;
			files = (
			);
			runOnlyForDeploymentPostprocessing = 0;
		};
		0799CCB029BF584C006AB70D /* Resources */ = {
			isa = PBXResourcesBuildPhase;
			buildActionMask = 2147483647;
			files = (
			);
			runOnlyForDeploymentPostprocessing = 0;
		};
/* End PBXResourcesBuildPhase section */

/* Begin PBXShellScriptBuildPhase section */
		4DF3F305FB9B617114A5E612 /* [CP] Embed Pods Frameworks */ = {
			isa = PBXShellScriptBuildPhase;
			buildActionMask = 2147483647;
			files = (
			);
			inputFileListPaths = (
				"${PODS_ROOT}/Target Support Files/Pods-StrollPlaces/Pods-StrollPlaces-frameworks-${CONFIGURATION}-input-files.xcfilelist",
			);
			name = "[CP] Embed Pods Frameworks";
			outputFileListPaths = (
				"${PODS_ROOT}/Target Support Files/Pods-StrollPlaces/Pods-StrollPlaces-frameworks-${CONFIGURATION}-output-files.xcfilelist",
			);
			runOnlyForDeploymentPostprocessing = 0;
			shellPath = /bin/sh;
			shellScript = "\"${PODS_ROOT}/Target Support Files/Pods-StrollPlaces/Pods-StrollPlaces-frameworks.sh\"\n";
			showEnvVarsInLog = 0;
		};
		52BCE44DFE50AA39885C8023 /* [CP] Embed Pods Frameworks */ = {
			isa = PBXShellScriptBuildPhase;
			buildActionMask = 2147483647;
			files = (
			);
			inputFileListPaths = (
				"${PODS_ROOT}/Target Support Files/Pods-StrollPlaces-StrollPlacesUITests/Pods-StrollPlaces-StrollPlacesUITests-frameworks-${CONFIGURATION}-input-files.xcfilelist",
			);
			name = "[CP] Embed Pods Frameworks";
			outputFileListPaths = (
				"${PODS_ROOT}/Target Support Files/Pods-StrollPlaces-StrollPlacesUITests/Pods-StrollPlaces-StrollPlacesUITests-frameworks-${CONFIGURATION}-output-files.xcfilelist",
			);
			runOnlyForDeploymentPostprocessing = 0;
			shellPath = /bin/sh;
			shellScript = "\"${PODS_ROOT}/Target Support Files/Pods-StrollPlaces-StrollPlacesUITests/Pods-StrollPlaces-StrollPlacesUITests-frameworks.sh\"\n";
			showEnvVarsInLog = 0;
		};
		9BDE6709A83E9E278899FBD5 /* [CP] Check Pods Manifest.lock */ = {
			isa = PBXShellScriptBuildPhase;
			buildActionMask = 2147483647;
			files = (
			);
			inputFileListPaths = (
			);
			inputPaths = (
				"${PODS_PODFILE_DIR_PATH}/Podfile.lock",
				"${PODS_ROOT}/Manifest.lock",
			);
			name = "[CP] Check Pods Manifest.lock";
			outputFileListPaths = (
			);
			outputPaths = (
				"$(DERIVED_FILE_DIR)/Pods-StrollPlaces-checkManifestLockResult.txt",
			);
			runOnlyForDeploymentPostprocessing = 0;
			shellPath = /bin/sh;
			shellScript = "diff \"${PODS_PODFILE_DIR_PATH}/Podfile.lock\" \"${PODS_ROOT}/Manifest.lock\" > /dev/null\nif [ $? != 0 ] ; then\n    # print error to STDERR\n    echo \"error: The sandbox is not in sync with the Podfile.lock. Run 'pod install' or update your CocoaPods installation.\" >&2\n    exit 1\nfi\n# This output is used by Xcode 'outputs' to avoid re-running this script phase.\necho \"SUCCESS\" > \"${SCRIPT_OUTPUT_FILE_0}\"\n";
			showEnvVarsInLog = 0;
		};
		CDD8A230717A1A4BB31506A5 /* [CP] Check Pods Manifest.lock */ = {
			isa = PBXShellScriptBuildPhase;
			buildActionMask = 2147483647;
			files = (
			);
			inputFileListPaths = (
			);
			inputPaths = (
				"${PODS_PODFILE_DIR_PATH}/Podfile.lock",
				"${PODS_ROOT}/Manifest.lock",
			);
			name = "[CP] Check Pods Manifest.lock";
			outputFileListPaths = (
			);
			outputPaths = (
				"$(DERIVED_FILE_DIR)/Pods-StrollPlacesTests-checkManifestLockResult.txt",
			);
			runOnlyForDeploymentPostprocessing = 0;
			shellPath = /bin/sh;
			shellScript = "diff \"${PODS_PODFILE_DIR_PATH}/Podfile.lock\" \"${PODS_ROOT}/Manifest.lock\" > /dev/null\nif [ $? != 0 ] ; then\n    # print error to STDERR\n    echo \"error: The sandbox is not in sync with the Podfile.lock. Run 'pod install' or update your CocoaPods installation.\" >&2\n    exit 1\nfi\n# This output is used by Xcode 'outputs' to avoid re-running this script phase.\necho \"SUCCESS\" > \"${SCRIPT_OUTPUT_FILE_0}\"\n";
			showEnvVarsInLog = 0;
		};
		EDB0A0BCA68E5F9586C5418C /* [CP] Check Pods Manifest.lock */ = {
			isa = PBXShellScriptBuildPhase;
			buildActionMask = 2147483647;
			files = (
			);
			inputFileListPaths = (
			);
			inputPaths = (
				"${PODS_PODFILE_DIR_PATH}/Podfile.lock",
				"${PODS_ROOT}/Manifest.lock",
			);
			name = "[CP] Check Pods Manifest.lock";
			outputFileListPaths = (
			);
			outputPaths = (
				"$(DERIVED_FILE_DIR)/Pods-StrollPlaces-StrollPlacesUITests-checkManifestLockResult.txt",
			);
			runOnlyForDeploymentPostprocessing = 0;
			shellPath = /bin/sh;
			shellScript = "diff \"${PODS_PODFILE_DIR_PATH}/Podfile.lock\" \"${PODS_ROOT}/Manifest.lock\" > /dev/null\nif [ $? != 0 ] ; then\n    # print error to STDERR\n    echo \"error: The sandbox is not in sync with the Podfile.lock. Run 'pod install' or update your CocoaPods installation.\" >&2\n    exit 1\nfi\n# This output is used by Xcode 'outputs' to avoid re-running this script phase.\necho \"SUCCESS\" > \"${SCRIPT_OUTPUT_FILE_0}\"\n";
			showEnvVarsInLog = 0;
		};
/* End PBXShellScriptBuildPhase section */

/* Begin PBXSourcesBuildPhase section */
		0799CC8E29BF584B006AB70D /* Sources */ = {
			isa = PBXSourcesBuildPhase;
			buildActionMask = 2147483647;
			files = (
				0799CCC829BF595C006AB70D /* TabBarController.swift in Sources */,
				0799CCDD29BF5D02006AB70D /* MapViewModel.swift in Sources */,
				0799CCE429BF6204006AB70D /* TourSpot.swift in Sources */,
				07987ED129C05772004B87F0 /* ThemeCellData.swift in Sources */,
				0799CCD329BF59C0006AB70D /* Park.swift in Sources */,
				07987ED429C0B5BE004B87F0 /* MapItem.swift in Sources */,
				0799CCDB29BF5A6F006AB70D /* K.swift in Sources */,
				0799CCDF29BF5D5D006AB70D /* ThemeCollectionViewModel.swift in Sources */,
				0751436429C1E58000109B8E /* CountClusterAnnotationView.swift in Sources */,
				0799CCD629BF59F3006AB70D /* ThemeCollectionViewCell.swift in Sources */,
				0799CCCC29BF5979006AB70D /* MyPlaceViewController.swift in Sources */,
				0799CC9629BF584B006AB70D /* AppDelegate.swift in Sources */,
				0751436629C1F78600109B8E /* AnnotationView.swift in Sources */,
				0799CC9829BF584B006AB70D /* SceneDelegate.swift in Sources */,
				0799CCCA29BF596E006AB70D /* MapViewController.swift in Sources */,
				07AFB58F29C011DD00DD1C34 /* SettingViewModel.swift in Sources */,
				07AFB59129C012A600DD1C34 /* SettingCellData.swift in Sources */,
				0799CCCE29BF5980006AB70D /* SettingViewController.swift in Sources */,
				07AFB59329C024BD00DD1C34 /* AppSetting.swift in Sources */,
				0799CCE229BF61FC006AB70D /* WalkingSpot.swift in Sources */,
				0799CCEC29BF6E10006AB70D /* Double.swift in Sources */,
				0751435E29C17A8400109B8E /* Annotation.swift in Sources */,
				0799CCEA29BF65A9006AB70D /* MKMapView.swift in Sources */,
			);
			runOnlyForDeploymentPostprocessing = 0;
		};
		0799CCA429BF584C006AB70D /* Sources */ = {
			isa = PBXSourcesBuildPhase;
			buildActionMask = 2147483647;
			files = (
				0799CCAD29BF584C006AB70D /* StrollPlacesTests.swift in Sources */,
			);
			runOnlyForDeploymentPostprocessing = 0;
		};
		0799CCAE29BF584C006AB70D /* Sources */ = {
			isa = PBXSourcesBuildPhase;
			buildActionMask = 2147483647;
			files = (
				0799CCB929BF584C006AB70D /* StrollPlacesUITestsLaunchTests.swift in Sources */,
				0799CCB729BF584C006AB70D /* StrollPlacesUITests.swift in Sources */,
			);
			runOnlyForDeploymentPostprocessing = 0;
		};
/* End PBXSourcesBuildPhase section */

/* Begin PBXTargetDependency section */
		0799CCAA29BF584C006AB70D /* PBXTargetDependency */ = {
			isa = PBXTargetDependency;
			target = 0799CC9129BF584B006AB70D /* StrollPlaces */;
			targetProxy = 0799CCA929BF584C006AB70D /* PBXContainerItemProxy */;
		};
		0799CCB429BF584C006AB70D /* PBXTargetDependency */ = {
			isa = PBXTargetDependency;
			target = 0799CC9129BF584B006AB70D /* StrollPlaces */;
			targetProxy = 0799CCB329BF584C006AB70D /* PBXContainerItemProxy */;
		};
/* End PBXTargetDependency section */

/* Begin PBXVariantGroup section */
		0799CC9B29BF584B006AB70D /* Main.storyboard */ = {
			isa = PBXVariantGroup;
			children = (
				0799CC9C29BF584B006AB70D /* Base */,
			);
			name = Main.storyboard;
			sourceTree = "<group>";
		};
		0799CCA029BF584C006AB70D /* LaunchScreen.storyboard */ = {
			isa = PBXVariantGroup;
			children = (
				0799CCA129BF584C006AB70D /* Base */,
			);
			name = LaunchScreen.storyboard;
			sourceTree = "<group>";
		};
/* End PBXVariantGroup section */

/* Begin XCBuildConfiguration section */
		0799CCBA29BF584C006AB70D /* Debug */ = {
			isa = XCBuildConfiguration;
			buildSettings = {
				ALWAYS_SEARCH_USER_PATHS = NO;
				CLANG_ANALYZER_NONNULL = YES;
				CLANG_ANALYZER_NUMBER_OBJECT_CONVERSION = YES_AGGRESSIVE;
				CLANG_CXX_LANGUAGE_STANDARD = "gnu++20";
				CLANG_ENABLE_MODULES = YES;
				CLANG_ENABLE_OBJC_ARC = YES;
				CLANG_ENABLE_OBJC_WEAK = YES;
				CLANG_WARN_BLOCK_CAPTURE_AUTORELEASING = YES;
				CLANG_WARN_BOOL_CONVERSION = YES;
				CLANG_WARN_COMMA = YES;
				CLANG_WARN_CONSTANT_CONVERSION = YES;
				CLANG_WARN_DEPRECATED_OBJC_IMPLEMENTATIONS = YES;
				CLANG_WARN_DIRECT_OBJC_ISA_USAGE = YES_ERROR;
				CLANG_WARN_DOCUMENTATION_COMMENTS = YES;
				CLANG_WARN_EMPTY_BODY = YES;
				CLANG_WARN_ENUM_CONVERSION = YES;
				CLANG_WARN_INFINITE_RECURSION = YES;
				CLANG_WARN_INT_CONVERSION = YES;
				CLANG_WARN_NON_LITERAL_NULL_CONVERSION = YES;
				CLANG_WARN_OBJC_IMPLICIT_RETAIN_SELF = YES;
				CLANG_WARN_OBJC_LITERAL_CONVERSION = YES;
				CLANG_WARN_OBJC_ROOT_CLASS = YES_ERROR;
				CLANG_WARN_QUOTED_INCLUDE_IN_FRAMEWORK_HEADER = YES;
				CLANG_WARN_RANGE_LOOP_ANALYSIS = YES;
				CLANG_WARN_STRICT_PROTOTYPES = YES;
				CLANG_WARN_SUSPICIOUS_MOVE = YES;
				CLANG_WARN_UNGUARDED_AVAILABILITY = YES_AGGRESSIVE;
				CLANG_WARN_UNREACHABLE_CODE = YES;
				CLANG_WARN__DUPLICATE_METHOD_MATCH = YES;
				COPY_PHASE_STRIP = NO;
				DEBUG_INFORMATION_FORMAT = dwarf;
				ENABLE_STRICT_OBJC_MSGSEND = YES;
				ENABLE_TESTABILITY = YES;
				GCC_C_LANGUAGE_STANDARD = gnu11;
				GCC_DYNAMIC_NO_PIC = NO;
				GCC_NO_COMMON_BLOCKS = YES;
				GCC_OPTIMIZATION_LEVEL = 0;
				GCC_PREPROCESSOR_DEFINITIONS = (
					"DEBUG=1",
					"$(inherited)",
				);
				GCC_WARN_64_TO_32_BIT_CONVERSION = YES;
				GCC_WARN_ABOUT_RETURN_TYPE = YES_ERROR;
				GCC_WARN_UNDECLARED_SELECTOR = YES;
				GCC_WARN_UNINITIALIZED_AUTOS = YES_AGGRESSIVE;
				GCC_WARN_UNUSED_FUNCTION = YES;
				GCC_WARN_UNUSED_VARIABLE = YES;
				IPHONEOS_DEPLOYMENT_TARGET = 16.2;
				MTL_ENABLE_DEBUG_INFO = INCLUDE_SOURCE;
				MTL_FAST_MATH = YES;
				ONLY_ACTIVE_ARCH = YES;
				SDKROOT = iphoneos;
				SWIFT_ACTIVE_COMPILATION_CONDITIONS = DEBUG;
				SWIFT_OPTIMIZATION_LEVEL = "-Onone";
			};
			name = Debug;
		};
		0799CCBB29BF584C006AB70D /* Release */ = {
			isa = XCBuildConfiguration;
			buildSettings = {
				ALWAYS_SEARCH_USER_PATHS = NO;
				CLANG_ANALYZER_NONNULL = YES;
				CLANG_ANALYZER_NUMBER_OBJECT_CONVERSION = YES_AGGRESSIVE;
				CLANG_CXX_LANGUAGE_STANDARD = "gnu++20";
				CLANG_ENABLE_MODULES = YES;
				CLANG_ENABLE_OBJC_ARC = YES;
				CLANG_ENABLE_OBJC_WEAK = YES;
				CLANG_WARN_BLOCK_CAPTURE_AUTORELEASING = YES;
				CLANG_WARN_BOOL_CONVERSION = YES;
				CLANG_WARN_COMMA = YES;
				CLANG_WARN_CONSTANT_CONVERSION = YES;
				CLANG_WARN_DEPRECATED_OBJC_IMPLEMENTATIONS = YES;
				CLANG_WARN_DIRECT_OBJC_ISA_USAGE = YES_ERROR;
				CLANG_WARN_DOCUMENTATION_COMMENTS = YES;
				CLANG_WARN_EMPTY_BODY = YES;
				CLANG_WARN_ENUM_CONVERSION = YES;
				CLANG_WARN_INFINITE_RECURSION = YES;
				CLANG_WARN_INT_CONVERSION = YES;
				CLANG_WARN_NON_LITERAL_NULL_CONVERSION = YES;
				CLANG_WARN_OBJC_IMPLICIT_RETAIN_SELF = YES;
				CLANG_WARN_OBJC_LITERAL_CONVERSION = YES;
				CLANG_WARN_OBJC_ROOT_CLASS = YES_ERROR;
				CLANG_WARN_QUOTED_INCLUDE_IN_FRAMEWORK_HEADER = YES;
				CLANG_WARN_RANGE_LOOP_ANALYSIS = YES;
				CLANG_WARN_STRICT_PROTOTYPES = YES;
				CLANG_WARN_SUSPICIOUS_MOVE = YES;
				CLANG_WARN_UNGUARDED_AVAILABILITY = YES_AGGRESSIVE;
				CLANG_WARN_UNREACHABLE_CODE = YES;
				CLANG_WARN__DUPLICATE_METHOD_MATCH = YES;
				COPY_PHASE_STRIP = NO;
				DEBUG_INFORMATION_FORMAT = "dwarf-with-dsym";
				ENABLE_NS_ASSERTIONS = NO;
				ENABLE_STRICT_OBJC_MSGSEND = YES;
				GCC_C_LANGUAGE_STANDARD = gnu11;
				GCC_NO_COMMON_BLOCKS = YES;
				GCC_WARN_64_TO_32_BIT_CONVERSION = YES;
				GCC_WARN_ABOUT_RETURN_TYPE = YES_ERROR;
				GCC_WARN_UNDECLARED_SELECTOR = YES;
				GCC_WARN_UNINITIALIZED_AUTOS = YES_AGGRESSIVE;
				GCC_WARN_UNUSED_FUNCTION = YES;
				GCC_WARN_UNUSED_VARIABLE = YES;
				IPHONEOS_DEPLOYMENT_TARGET = 16.2;
				MTL_ENABLE_DEBUG_INFO = NO;
				MTL_FAST_MATH = YES;
				SDKROOT = iphoneos;
				SWIFT_COMPILATION_MODE = wholemodule;
				SWIFT_OPTIMIZATION_LEVEL = "-O";
				VALIDATE_PRODUCT = YES;
			};
			name = Release;
		};
		0799CCBD29BF584C006AB70D /* Debug */ = {
			isa = XCBuildConfiguration;
			baseConfigurationReference = DAE6C4FAFD8200F2BA532A6A /* Pods-StrollPlaces.debug.xcconfig */;
			buildSettings = {
				ASSETCATALOG_COMPILER_APPICON_NAME = AppIcon;
				ASSETCATALOG_COMPILER_GLOBAL_ACCENT_COLOR_NAME = AccentColor;
				CODE_SIGN_STYLE = Automatic;
				CURRENT_PROJECT_VERSION = 1;
				DEVELOPMENT_TEAM = YJF2RZ2K47;
				GENERATE_INFOPLIST_FILE = YES;
				INFOPLIST_FILE = StrollPlaces/Info.plist;
				INFOPLIST_KEY_CFBundleDisplayName = "가벼운산책";
				INFOPLIST_KEY_UIApplicationSupportsIndirectInputEvents = YES;
				INFOPLIST_KEY_UILaunchStoryboardName = LaunchScreen;
				INFOPLIST_KEY_UIMainStoryboardFile = Main;
				INFOPLIST_KEY_UISupportedInterfaceOrientations = UIInterfaceOrientationPortrait;
				INFOPLIST_KEY_UISupportedInterfaceOrientations_iPad = "UIInterfaceOrientationLandscapeLeft UIInterfaceOrientationLandscapeRight UIInterfaceOrientationPortrait UIInterfaceOrientationPortraitUpsideDown";
				IPHONEOS_DEPLOYMENT_TARGET = 15.0;
				LD_RUNPATH_SEARCH_PATHS = (
					"$(inherited)",
					"@executable_path/Frameworks",
				);
				MARKETING_VERSION = 1.0.0;
				PRODUCT_BUNDLE_IDENTIFIER = com.hyleedevelop.StrollPlaces;
				PRODUCT_NAME = "$(TARGET_NAME)";
				SUPPORTED_PLATFORMS = "iphoneos iphonesimulator";
				SUPPORTS_MACCATALYST = NO;
				SUPPORTS_MAC_DESIGNED_FOR_IPHONE_IPAD = NO;
				SWIFT_EMIT_LOC_STRINGS = YES;
				SWIFT_VERSION = 5.0;
				TARGETED_DEVICE_FAMILY = 1;
			};
			name = Debug;
		};
		0799CCBE29BF584C006AB70D /* Release */ = {
			isa = XCBuildConfiguration;
			baseConfigurationReference = 06DC4CC2BC10739BAF3EB5C9 /* Pods-StrollPlaces.release.xcconfig */;
			buildSettings = {
				ASSETCATALOG_COMPILER_APPICON_NAME = AppIcon;
				ASSETCATALOG_COMPILER_GLOBAL_ACCENT_COLOR_NAME = AccentColor;
				CODE_SIGN_STYLE = Automatic;
				CURRENT_PROJECT_VERSION = 1;
				DEVELOPMENT_TEAM = YJF2RZ2K47;
				GENERATE_INFOPLIST_FILE = YES;
				INFOPLIST_FILE = StrollPlaces/Info.plist;
				INFOPLIST_KEY_CFBundleDisplayName = "가벼운산책";
				INFOPLIST_KEY_UIApplicationSupportsIndirectInputEvents = YES;
				INFOPLIST_KEY_UILaunchStoryboardName = LaunchScreen;
				INFOPLIST_KEY_UIMainStoryboardFile = Main;
				INFOPLIST_KEY_UISupportedInterfaceOrientations = UIInterfaceOrientationPortrait;
				INFOPLIST_KEY_UISupportedInterfaceOrientations_iPad = "UIInterfaceOrientationLandscapeLeft UIInterfaceOrientationLandscapeRight UIInterfaceOrientationPortrait UIInterfaceOrientationPortraitUpsideDown";
				IPHONEOS_DEPLOYMENT_TARGET = 15.0;
				LD_RUNPATH_SEARCH_PATHS = (
					"$(inherited)",
					"@executable_path/Frameworks",
				);
				MARKETING_VERSION = 1.0.0;
				PRODUCT_BUNDLE_IDENTIFIER = com.hyleedevelop.StrollPlaces;
				PRODUCT_NAME = "$(TARGET_NAME)";
				SUPPORTED_PLATFORMS = "iphoneos iphonesimulator";
				SUPPORTS_MACCATALYST = NO;
				SUPPORTS_MAC_DESIGNED_FOR_IPHONE_IPAD = NO;
				SWIFT_EMIT_LOC_STRINGS = YES;
				SWIFT_VERSION = 5.0;
				TARGETED_DEVICE_FAMILY = 1;
			};
			name = Release;
		};
		0799CCC029BF584C006AB70D /* Debug */ = {
			isa = XCBuildConfiguration;
			baseConfigurationReference = 8330C6868F35B7508B9C8311 /* Pods-StrollPlacesTests.debug.xcconfig */;
			buildSettings = {
				ALWAYS_EMBED_SWIFT_STANDARD_LIBRARIES = YES;
				BUNDLE_LOADER = "$(TEST_HOST)";
				CODE_SIGN_STYLE = Automatic;
				CURRENT_PROJECT_VERSION = 1;
				DEVELOPMENT_TEAM = YJF2RZ2K47;
				GENERATE_INFOPLIST_FILE = YES;
				IPHONEOS_DEPLOYMENT_TARGET = 16.2;
				MARKETING_VERSION = 1.0;
				PRODUCT_BUNDLE_IDENTIFIER = com.hyleedevelop.StrollPlacesTests;
				PRODUCT_NAME = "$(TARGET_NAME)";
				SWIFT_EMIT_LOC_STRINGS = NO;
				SWIFT_VERSION = 5.0;
				TARGETED_DEVICE_FAMILY = "1,2";
				TEST_HOST = "$(BUILT_PRODUCTS_DIR)/StrollPlaces.app/$(BUNDLE_EXECUTABLE_FOLDER_PATH)/StrollPlaces";
			};
			name = Debug;
		};
		0799CCC129BF584C006AB70D /* Release */ = {
			isa = XCBuildConfiguration;
			baseConfigurationReference = E8C17C7780C6F44B5BE228BC /* Pods-StrollPlacesTests.release.xcconfig */;
			buildSettings = {
				ALWAYS_EMBED_SWIFT_STANDARD_LIBRARIES = YES;
				BUNDLE_LOADER = "$(TEST_HOST)";
				CODE_SIGN_STYLE = Automatic;
				CURRENT_PROJECT_VERSION = 1;
				DEVELOPMENT_TEAM = YJF2RZ2K47;
				GENERATE_INFOPLIST_FILE = YES;
				IPHONEOS_DEPLOYMENT_TARGET = 16.2;
				MARKETING_VERSION = 1.0;
				PRODUCT_BUNDLE_IDENTIFIER = com.hyleedevelop.StrollPlacesTests;
				PRODUCT_NAME = "$(TARGET_NAME)";
				SWIFT_EMIT_LOC_STRINGS = NO;
				SWIFT_VERSION = 5.0;
				TARGETED_DEVICE_FAMILY = "1,2";
				TEST_HOST = "$(BUILT_PRODUCTS_DIR)/StrollPlaces.app/$(BUNDLE_EXECUTABLE_FOLDER_PATH)/StrollPlaces";
			};
			name = Release;
		};
		0799CCC329BF584C006AB70D /* Debug */ = {
			isa = XCBuildConfiguration;
			baseConfigurationReference = 8D3C143F3D4DD06B08B673BF /* Pods-StrollPlaces-StrollPlacesUITests.debug.xcconfig */;
			buildSettings = {
				ALWAYS_EMBED_SWIFT_STANDARD_LIBRARIES = YES;
				CODE_SIGN_STYLE = Automatic;
				CURRENT_PROJECT_VERSION = 1;
				DEVELOPMENT_TEAM = YJF2RZ2K47;
				GENERATE_INFOPLIST_FILE = YES;
				MARKETING_VERSION = 1.0;
				PRODUCT_BUNDLE_IDENTIFIER = com.hyleedevelop.StrollPlacesUITests;
				PRODUCT_NAME = "$(TARGET_NAME)";
				SWIFT_EMIT_LOC_STRINGS = NO;
				SWIFT_VERSION = 5.0;
				TARGETED_DEVICE_FAMILY = "1,2";
				TEST_TARGET_NAME = StrollPlaces;
			};
			name = Debug;
		};
		0799CCC429BF584C006AB70D /* Release */ = {
			isa = XCBuildConfiguration;
			baseConfigurationReference = 16650632E032CF58426FB33C /* Pods-StrollPlaces-StrollPlacesUITests.release.xcconfig */;
			buildSettings = {
				ALWAYS_EMBED_SWIFT_STANDARD_LIBRARIES = YES;
				CODE_SIGN_STYLE = Automatic;
				CURRENT_PROJECT_VERSION = 1;
				DEVELOPMENT_TEAM = YJF2RZ2K47;
				GENERATE_INFOPLIST_FILE = YES;
				MARKETING_VERSION = 1.0;
				PRODUCT_BUNDLE_IDENTIFIER = com.hyleedevelop.StrollPlacesUITests;
				PRODUCT_NAME = "$(TARGET_NAME)";
				SWIFT_EMIT_LOC_STRINGS = NO;
				SWIFT_VERSION = 5.0;
				TARGETED_DEVICE_FAMILY = "1,2";
				TEST_TARGET_NAME = StrollPlaces;
			};
			name = Release;
		};
/* End XCBuildConfiguration section */

/* Begin XCConfigurationList section */
		0799CC8D29BF584B006AB70D /* Build configuration list for PBXProject "StrollPlaces" */ = {
			isa = XCConfigurationList;
			buildConfigurations = (
				0799CCBA29BF584C006AB70D /* Debug */,
				0799CCBB29BF584C006AB70D /* Release */,
			);
			defaultConfigurationIsVisible = 0;
			defaultConfigurationName = Release;
		};
		0799CCBC29BF584C006AB70D /* Build configuration list for PBXNativeTarget "StrollPlaces" */ = {
			isa = XCConfigurationList;
			buildConfigurations = (
				0799CCBD29BF584C006AB70D /* Debug */,
				0799CCBE29BF584C006AB70D /* Release */,
			);
			defaultConfigurationIsVisible = 0;
			defaultConfigurationName = Release;
		};
		0799CCBF29BF584C006AB70D /* Build configuration list for PBXNativeTarget "StrollPlacesTests" */ = {
			isa = XCConfigurationList;
			buildConfigurations = (
				0799CCC029BF584C006AB70D /* Debug */,
				0799CCC129BF584C006AB70D /* Release */,
			);
			defaultConfigurationIsVisible = 0;
			defaultConfigurationName = Release;
		};
		0799CCC229BF584C006AB70D /* Build configuration list for PBXNativeTarget "StrollPlacesUITests" */ = {
			isa = XCConfigurationList;
			buildConfigurations = (
				0799CCC329BF584C006AB70D /* Debug */,
				0799CCC429BF584C006AB70D /* Release */,
			);
			defaultConfigurationIsVisible = 0;
			defaultConfigurationName = Release;
		};
/* End XCConfigurationList section */
	};
	rootObject = 0799CC8A29BF584B006AB70D /* Project object */;
}
