// !$*UTF8*$!
{
	archiveVersion = 1;
	classes = {
	};
	objectVersion = 56;
	objects = {

/* Begin PBXBuildFile section */
		0706B3B429C4B48900AF06D1 /* SouthKoreaStrollWayData_qc_20230312.csv in Resources */ = {isa = PBXBuildFile; fileRef = 0706B3B329C4B48900AF06D1 /* SouthKoreaStrollWayData_qc_20230312.csv */; };
		0709557529D2B29200068C91 /* TipViewController.swift in Sources */ = {isa = PBXBuildFile; fileRef = 0709557429D2B29200068C91 /* TipViewController.swift */; };
		0709557729D2B2A300068C91 /* AddMyPlaceViewController.swift in Sources */ = {isa = PBXBuildFile; fileRef = 0709557629D2B2A300068C91 /* AddMyPlaceViewController.swift */; };
		070D486F29E6C958009B67A8 /* CLPlacemark.swift in Sources */ = {isa = PBXBuildFile; fileRef = 070D486E29E6C958009B67A8 /* CLPlacemark.swift */; };
		070FFB0029D56B4900987285 /* AlertService.swift in Sources */ = {isa = PBXBuildFile; fileRef = 070FFAFF29D56B4900987285 /* AlertService.swift */; };
		070FFB0229D5D8D000987285 /* TrackingViewController+Route.swift in Sources */ = {isa = PBXBuildFile; fileRef = 070FFB0129D5D8D000987285 /* TrackingViewController+Route.swift */; };
		0712E4AB29C6B3A000243DF8 /* PlaceInfoViewController.swift in Sources */ = {isa = PBXBuildFile; fileRef = 0712E4AA29C6B3A000243DF8 /* PlaceInfoViewController.swift */; };
		0712E4AD29C6CA0A00243DF8 /* CustomAnnotation.swift in Sources */ = {isa = PBXBuildFile; fileRef = 0712E4AC29C6CA0A00243DF8 /* CustomAnnotation.swift */; };
		0718B96229D08F7500D5CDDE /* NewsTab.storyboard in Resources */ = {isa = PBXBuildFile; fileRef = 0718B96129D08F7500D5CDDE /* NewsTab.storyboard */; };
		0718B96429D0940F00D5CDDE /* MoreViewController+TableView.swift in Sources */ = {isa = PBXBuildFile; fileRef = 0718B96329D0940E00D5CDDE /* MoreViewController+TableView.swift */; };
		072D5BBA29C2E26A0024B938 /* Enum.swift in Sources */ = {isa = PBXBuildFile; fileRef = 072D5BB929C2E26A0024B938 /* Enum.swift */; };
		072D5BBE29C304C60024B938 /* MapViewController+CollectionView.swift in Sources */ = {isa = PBXBuildFile; fileRef = 072D5BBD29C304C60024B938 /* MapViewController+CollectionView.swift */; };
		072D5BE229C33B910024B938 /* ClusterAnnotationView.swift in Sources */ = {isa = PBXBuildFile; fileRef = 072D5BE129C33B910024B938 /* ClusterAnnotationView.swift */; };
		0731E1CE29D430AF0057E12B /* TrackingViewController.swift in Sources */ = {isa = PBXBuildFile; fileRef = 0731E1CD29D430AF0057E12B /* TrackingViewController.swift */; };
		073AA2C129DBC18600398F9A /* Date.swift in Sources */ = {isa = PBXBuildFile; fileRef = 073AA2C029DBC18600398F9A /* Date.swift */; };
		0751436829C201CD00109B8E /* UIImage.swift in Sources */ = {isa = PBXBuildFile; fileRef = 0751436729C201CD00109B8E /* UIImage.swift */; };
		075FE43D29C5B42F00A5694C /* MapViewController+Annotation.swift in Sources */ = {isa = PBXBuildFile; fileRef = 075FE43C29C5B42F00A5694C /* MapViewController+Annotation.swift */; };
		075FE44129C5B63A00A5694C /* UIView.swift in Sources */ = {isa = PBXBuildFile; fileRef = 075FE44029C5B63A00A5694C /* UIView.swift */; };
		0760D51D29D3296600796D73 /* RealmService.swift in Sources */ = {isa = PBXBuildFile; fileRef = 0760D51C29D3296600796D73 /* RealmService.swift */; };
		0760D51F29D32ED100796D73 /* MyPlaceData.swift in Sources */ = {isa = PBXBuildFile; fileRef = 0760D51E29D32ED100796D73 /* MyPlaceData.swift */; };
		07648DC929C55F2900F994C1 /* SouthKoreaRecreationForestData_qc_20230312.csv in Resources */ = {isa = PBXBuildFile; fileRef = 07648DC829C55F2900F994C1 /* SouthKoreaRecreationForestData_qc_20230312.csv */; };
		0774AA8329D97CCF0048C781 /* TrackingViewModel.swift in Sources */ = {isa = PBXBuildFile; fileRef = 0774AA8229D97CCF0048C781 /* TrackingViewModel.swift */; };
		0774AA8529D97CD70048C781 /* AddMyPlaceViewModel.swift in Sources */ = {isa = PBXBuildFile; fileRef = 0774AA8429D97CD70048C781 /* AddMyPlaceViewModel.swift */; };
		0774AA8729D97CEF0048C781 /* MyPlaceViewModel.swift in Sources */ = {isa = PBXBuildFile; fileRef = 0774AA8629D97CEF0048C781 /* MyPlaceViewModel.swift */; };
		077C1BE029CD8B0700DA3218 /* RouteAnnotation.swift in Sources */ = {isa = PBXBuildFile; fileRef = 077C1BDF29CD8B0700DA3218 /* RouteAnnotation.swift */; };
		077C1BE229CD958D00DA3218 /* RouteAnnotationView.swift in Sources */ = {isa = PBXBuildFile; fileRef = 077C1BE129CD958D00DA3218 /* RouteAnnotationView.swift */; };
		077C1BEA29CDEC7800DA3218 /* NewsViewController.swift in Sources */ = {isa = PBXBuildFile; fileRef = 077C1BE929CDEC7800DA3218 /* NewsViewController.swift */; };
		077C1BEC29CDEDC100DA3218 /* URLRequest.swift in Sources */ = {isa = PBXBuildFile; fileRef = 077C1BEB29CDEDC100DA3218 /* URLRequest.swift */; };
		077C1BEE29CDEE5500DA3218 /* NewsViewModel.swift in Sources */ = {isa = PBXBuildFile; fileRef = 077C1BED29CDEE5500DA3218 /* NewsViewModel.swift */; };
		077C1BF029CDEEC600DA3218 /* NewsCellData.swift in Sources */ = {isa = PBXBuildFile; fileRef = 077C1BEF29CDEEC600DA3218 /* NewsCellData.swift */; };
		077C1BF329CDF52B00DA3218 /* NewsTableViewCell.swift in Sources */ = {isa = PBXBuildFile; fileRef = 077C1BF129CDF52B00DA3218 /* NewsTableViewCell.swift */; };
		077C1BF429CDF52B00DA3218 /* NewsTableViewCell.xib in Resources */ = {isa = PBXBuildFile; fileRef = 077C1BF229CDF52B00DA3218 /* NewsTableViewCell.xib */; };
		0780E71E29C7F28B0030026F /* PlaceInfoTableViewCell.swift in Sources */ = {isa = PBXBuildFile; fileRef = 0780E71C29C7F28B0030026F /* PlaceInfoTableViewCell.swift */; };
		0780E71F29C7F28B0030026F /* PlaceInfoTableViewCell.xib in Resources */ = {isa = PBXBuildFile; fileRef = 0780E71D29C7F28B0030026F /* PlaceInfoTableViewCell.xib */; };
		0780E72129C7F99E0030026F /* PlaceInfoViewController+Modal.swift in Sources */ = {isa = PBXBuildFile; fileRef = 0780E72029C7F99E0030026F /* PlaceInfoViewController+Modal.swift */; };
		0790A42429D83161008C3923 /* TrackPoint.swift in Sources */ = {isa = PBXBuildFile; fileRef = 0790A42329D83161008C3923 /* TrackPoint.swift */; };
		0790A42629D83208008C3923 /* TrackData.swift in Sources */ = {isa = PBXBuildFile; fileRef = 0790A42529D83208008C3923 /* TrackData.swift */; };
		0790A42929D85DFD008C3923 /* MyPlaceTableViewCell.swift in Sources */ = {isa = PBXBuildFile; fileRef = 0790A42729D85DFD008C3923 /* MyPlaceTableViewCell.swift */; };
		0790A42A29D85DFD008C3923 /* MyPlaceTableViewCell.xib in Resources */ = {isa = PBXBuildFile; fileRef = 0790A42829D85DFD008C3923 /* MyPlaceTableViewCell.xib */; };
		07987ED129C05772004B87F0 /* ThemeCellData.swift in Sources */ = {isa = PBXBuildFile; fileRef = 07987ED029C05772004B87F0 /* ThemeCellData.swift */; };
		0799CC9629BF584B006AB70D /* AppDelegate.swift in Sources */ = {isa = PBXBuildFile; fileRef = 0799CC9529BF584B006AB70D /* AppDelegate.swift */; };
		0799CC9829BF584B006AB70D /* SceneDelegate.swift in Sources */ = {isa = PBXBuildFile; fileRef = 0799CC9729BF584B006AB70D /* SceneDelegate.swift */; };
		0799CC9D29BF584B006AB70D /* Main.storyboard in Resources */ = {isa = PBXBuildFile; fileRef = 0799CC9B29BF584B006AB70D /* Main.storyboard */; };
		0799CC9F29BF584C006AB70D /* Assets.xcassets in Resources */ = {isa = PBXBuildFile; fileRef = 0799CC9E29BF584C006AB70D /* Assets.xcassets */; };
		0799CCA229BF584C006AB70D /* LaunchScreen.storyboard in Resources */ = {isa = PBXBuildFile; fileRef = 0799CCA029BF584C006AB70D /* LaunchScreen.storyboard */; };
		0799CCAD29BF584C006AB70D /* StrollPlacesTests.swift in Sources */ = {isa = PBXBuildFile; fileRef = 0799CCAC29BF584C006AB70D /* StrollPlacesTests.swift */; };
		0799CCB729BF584C006AB70D /* StrollPlacesUITests.swift in Sources */ = {isa = PBXBuildFile; fileRef = 0799CCB629BF584C006AB70D /* StrollPlacesUITests.swift */; };
		0799CCB929BF584C006AB70D /* StrollPlacesUITestsLaunchTests.swift in Sources */ = {isa = PBXBuildFile; fileRef = 0799CCB829BF584C006AB70D /* StrollPlacesUITestsLaunchTests.swift */; };
		0799CCC829BF595C006AB70D /* TabBarController.swift in Sources */ = {isa = PBXBuildFile; fileRef = 0799CCC729BF595C006AB70D /* TabBarController.swift */; };
		0799CCCA29BF596E006AB70D /* MapViewController.swift in Sources */ = {isa = PBXBuildFile; fileRef = 0799CCC929BF596E006AB70D /* MapViewController.swift */; };
		0799CCCC29BF5979006AB70D /* MyPlaceViewController.swift in Sources */ = {isa = PBXBuildFile; fileRef = 0799CCCB29BF5979006AB70D /* MyPlaceViewController.swift */; };
		0799CCCE29BF5980006AB70D /* MoreViewController.swift in Sources */ = {isa = PBXBuildFile; fileRef = 0799CCCD29BF5980006AB70D /* MoreViewController.swift */; };
		0799CCD329BF59C0006AB70D /* PublicData.swift in Sources */ = {isa = PBXBuildFile; fileRef = 0799CCD229BF59C0006AB70D /* PublicData.swift */; };
		0799CCD629BF59F3006AB70D /* ThemeCollectionViewCell.swift in Sources */ = {isa = PBXBuildFile; fileRef = 0799CCD429BF59F3006AB70D /* ThemeCollectionViewCell.swift */; };
		0799CCD729BF59F3006AB70D /* ThemeCollectionViewCell.xib in Resources */ = {isa = PBXBuildFile; fileRef = 0799CCD529BF59F3006AB70D /* ThemeCollectionViewCell.xib */; };
		0799CCDB29BF5A6F006AB70D /* K.swift in Sources */ = {isa = PBXBuildFile; fileRef = 0799CCDA29BF5A6F006AB70D /* K.swift */; };
		0799CCDD29BF5D02006AB70D /* MapViewModel.swift in Sources */ = {isa = PBXBuildFile; fileRef = 0799CCDC29BF5D02006AB70D /* MapViewModel.swift */; };
		0799CCDF29BF5D5D006AB70D /* ThemeCellViewModel.swift in Sources */ = {isa = PBXBuildFile; fileRef = 0799CCDE29BF5D5D006AB70D /* ThemeCellViewModel.swift */; };
		0799CCE729BF62A9006AB70D /* SouthKoreaTourSpotData_qc_20230312.csv in Resources */ = {isa = PBXBuildFile; fileRef = 0799CCE529BF62A9006AB70D /* SouthKoreaTourSpotData_qc_20230312.csv */; };
		0799CCE829BF62A9006AB70D /* SouthKoreaParkData_qc_20230312.csv in Resources */ = {isa = PBXBuildFile; fileRef = 0799CCE629BF62A9006AB70D /* SouthKoreaParkData_qc_20230312.csv */; };
		0799CCEA29BF65A9006AB70D /* MKMapView.swift in Sources */ = {isa = PBXBuildFile; fileRef = 0799CCE929BF65A9006AB70D /* MKMapView.swift */; };
		0799CCEC29BF6E10006AB70D /* Double.swift in Sources */ = {isa = PBXBuildFile; fileRef = 0799CCEB29BF6E10006AB70D /* Double.swift */; };
		079AF4F029C74931006C365B /* strollingMan.jpeg in Resources */ = {isa = PBXBuildFile; fileRef = 079AF4EF29C74931006C365B /* strollingMan.jpeg */; };
		079AF4F229C74C9D006C365B /* LoginViewController.swift in Sources */ = {isa = PBXBuildFile; fileRef = 079AF4F129C74C9D006C365B /* LoginViewController.swift */; };
		07AC1EC629E3D525006BEA03 /* WidgetKit.framework in Frameworks */ = {isa = PBXBuildFile; fileRef = 07AC1EA829E3D3EB006BEA03 /* WidgetKit.framework */; };
		07AC1EC729E3D525006BEA03 /* SwiftUI.framework in Frameworks */ = {isa = PBXBuildFile; fileRef = 07AC1EAA29E3D3EB006BEA03 /* SwiftUI.framework */; };
		07AC1ECA29E3D526006BEA03 /* TrackingBundle.swift in Sources */ = {isa = PBXBuildFile; fileRef = 07AC1EC929E3D526006BEA03 /* TrackingBundle.swift */; };
		07AC1ECC29E3D526006BEA03 /* TrackingLiveActivity.swift in Sources */ = {isa = PBXBuildFile; fileRef = 07AC1ECB29E3D526006BEA03 /* TrackingLiveActivity.swift */; };
		07AC1ECE29E3D526006BEA03 /* Tracking.swift in Sources */ = {isa = PBXBuildFile; fileRef = 07AC1ECD29E3D526006BEA03 /* Tracking.swift */; };
		07AC1ED129E3D527006BEA03 /* Assets.xcassets in Resources */ = {isa = PBXBuildFile; fileRef = 07AC1ED029E3D527006BEA03 /* Assets.xcassets */; };
		07AC1ED329E3D527006BEA03 /* Tracking.intentdefinition in Sources */ = {isa = PBXBuildFile; fileRef = 07AC1ECF29E3D526006BEA03 /* Tracking.intentdefinition */; };
		07AC1ED429E3D527006BEA03 /* Tracking.intentdefinition in Sources */ = {isa = PBXBuildFile; fileRef = 07AC1ECF29E3D526006BEA03 /* Tracking.intentdefinition */; };
		07AC1ED729E3D527006BEA03 /* TrackingExtension.appex in Embed Foundation Extensions */ = {isa = PBXBuildFile; fileRef = 07AC1EC529E3D525006BEA03 /* TrackingExtension.appex */; settings = {ATTRIBUTES = (RemoveHeadersOnCopy, ); }; };
		07AC1EE129E3E3FC006BEA03 /* LiveActivityService.swift in Sources */ = {isa = PBXBuildFile; fileRef = 07AC1EE029E3E3FC006BEA03 /* LiveActivityService.swift */; };
		07AC1EE229E3E3FC006BEA03 /* LiveActivityService.swift in Sources */ = {isa = PBXBuildFile; fileRef = 07AC1EE029E3E3FC006BEA03 /* LiveActivityService.swift */; };
		07AC1EE329E3E412006BEA03 /* TrackingLiveActivity.swift in Sources */ = {isa = PBXBuildFile; fileRef = 07AC1ECB29E3D526006BEA03 /* TrackingLiveActivity.swift */; };
		07AC1EE429E415C9006BEA03 /* K.swift in Sources */ = {isa = PBXBuildFile; fileRef = 0799CCDA29BF5A6F006AB70D /* K.swift */; };
		07AFB58F29C011DD00DD1C34 /* MoreViewModel.swift in Sources */ = {isa = PBXBuildFile; fileRef = 07AFB58E29C011DD00DD1C34 /* MoreViewModel.swift */; };
		07AFB59129C012A600DD1C34 /* MoreCellData.swift in Sources */ = {isa = PBXBuildFile; fileRef = 07AFB59029C012A600DD1C34 /* MoreCellData.swift */; };
		07AFB59329C024BD00DD1C34 /* AppSettingValues.swift in Sources */ = {isa = PBXBuildFile; fileRef = 07AFB59229C024BD00DD1C34 /* AppSettingValues.swift */; };
		07B2E3E629D156D300210207 /* MoreTableViewCell.swift in Sources */ = {isa = PBXBuildFile; fileRef = 07B2E3E429D156D300210207 /* MoreTableViewCell.swift */; };
		07B2E3E729D156D300210207 /* MoreTableViewCell.xib in Resources */ = {isa = PBXBuildFile; fileRef = 07B2E3E529D156D300210207 /* MoreTableViewCell.xib */; };
		07BAE44329CBE70A0048CE89 /* MapTab.storyboard in Resources */ = {isa = PBXBuildFile; fileRef = 07BAE44229CBE70A0048CE89 /* MapTab.storyboard */; };
		07BAE44529CBE8D60048CE89 /* MyPlaceTab.storyboard in Resources */ = {isa = PBXBuildFile; fileRef = 07BAE44429CBE8D60048CE89 /* MyPlaceTab.storyboard */; };
		07CDB0A429CF068D00F139BB /* String.swift in Sources */ = {isa = PBXBuildFile; fileRef = 07CDB0A329CF068D00F139BB /* String.swift */; };
		07CDB0A629CF11BD00F139BB /* MoreTab.storyboard in Resources */ = {isa = PBXBuildFile; fileRef = 07CDB0A529CF11BD00F139BB /* MoreTab.storyboard */; };
		07CEA61F29C97BB3009CF3A7 /* PlaceInfoViewModel.swift in Sources */ = {isa = PBXBuildFile; fileRef = 07CEA61E29C97BB3009CF3A7 /* PlaceInfoViewModel.swift */; };
		07D01A2229E65AAC00FE85D4 /* CountdownView.swift in Sources */ = {isa = PBXBuildFile; fileRef = 07D01A2129E65AAC00FE85D4 /* CountdownView.swift */; };
		119150A1FD78048A2B1AA21A /* Pods_StrollPlaces_StrollPlacesUITests.framework in Frameworks */ = {isa = PBXBuildFile; fileRef = 397451D7E7C5B4783076C56E /* Pods_StrollPlaces_StrollPlacesUITests.framework */; };
		47C285DB61BA24413BB8DB41 /* Pods_StrollPlaces.framework in Frameworks */ = {isa = PBXBuildFile; fileRef = 36BB15C57B4A8E2861E602A1 /* Pods_StrollPlaces.framework */; };
		D833011D7D771016C3150402 /* Pods_StrollPlacesTests.framework in Frameworks */ = {isa = PBXBuildFile; fileRef = 67D7077385DE03245CFFA290 /* Pods_StrollPlacesTests.framework */; };
/* End PBXBuildFile section */

/* Begin PBXContainerItemProxy section */
		0799CCA929BF584C006AB70D /* PBXContainerItemProxy */ = {
			isa = PBXContainerItemProxy;
			containerPortal = 0799CC8A29BF584B006AB70D /* Project object */;
			proxyType = 1;
			remoteGlobalIDString = 0799CC9129BF584B006AB70D;
			remoteInfo = StrollPlaces;
		};
		0799CCB329BF584C006AB70D /* PBXContainerItemProxy */ = {
			isa = PBXContainerItemProxy;
			containerPortal = 0799CC8A29BF584B006AB70D /* Project object */;
			proxyType = 1;
			remoteGlobalIDString = 0799CC9129BF584B006AB70D;
			remoteInfo = StrollPlaces;
		};
		07AC1ED529E3D527006BEA03 /* PBXContainerItemProxy */ = {
			isa = PBXContainerItemProxy;
			containerPortal = 0799CC8A29BF584B006AB70D /* Project object */;
			proxyType = 1;
			remoteGlobalIDString = 07AC1EC429E3D525006BEA03;
			remoteInfo = TrackingExtension;
		};
/* End PBXContainerItemProxy section */

/* Begin PBXCopyFilesBuildPhase section */
		07AC1EBF29E3D3EC006BEA03 /* Embed Foundation Extensions */ = {
			isa = PBXCopyFilesBuildPhase;
			buildActionMask = 2147483647;
			dstPath = "";
			dstSubfolderSpec = 13;
			files = (
				07AC1ED729E3D527006BEA03 /* TrackingExtension.appex in Embed Foundation Extensions */,
			);
			name = "Embed Foundation Extensions";
			runOnlyForDeploymentPostprocessing = 0;
		};
/* End PBXCopyFilesBuildPhase section */

/* Begin PBXFileReference section */
		06DC4CC2BC10739BAF3EB5C9 /* Pods-StrollPlaces.release.xcconfig */ = {isa = PBXFileReference; includeInIndex = 1; lastKnownFileType = text.xcconfig; name = "Pods-StrollPlaces.release.xcconfig"; path = "Target Support Files/Pods-StrollPlaces/Pods-StrollPlaces.release.xcconfig"; sourceTree = "<group>"; };
		0706B3B329C4B48900AF06D1 /* SouthKoreaStrollWayData_qc_20230312.csv */ = {isa = PBXFileReference; fileEncoding = 4; lastKnownFileType = text; path = SouthKoreaStrollWayData_qc_20230312.csv; sourceTree = "<group>"; };
		0709557429D2B29200068C91 /* TipViewController.swift */ = {isa = PBXFileReference; lastKnownFileType = sourcecode.swift; path = TipViewController.swift; sourceTree = "<group>"; };
		0709557629D2B2A300068C91 /* AddMyPlaceViewController.swift */ = {isa = PBXFileReference; lastKnownFileType = sourcecode.swift; path = AddMyPlaceViewController.swift; sourceTree = "<group>"; };
		070D486E29E6C958009B67A8 /* CLPlacemark.swift */ = {isa = PBXFileReference; lastKnownFileType = sourcecode.swift; path = CLPlacemark.swift; sourceTree = "<group>"; };
		070FFAFF29D56B4900987285 /* AlertService.swift */ = {isa = PBXFileReference; lastKnownFileType = sourcecode.swift; path = AlertService.swift; sourceTree = "<group>"; };
		070FFB0129D5D8D000987285 /* TrackingViewController+Route.swift */ = {isa = PBXFileReference; lastKnownFileType = sourcecode.swift; path = "TrackingViewController+Route.swift"; sourceTree = "<group>"; };
		0712E4AA29C6B3A000243DF8 /* PlaceInfoViewController.swift */ = {isa = PBXFileReference; lastKnownFileType = sourcecode.swift; path = PlaceInfoViewController.swift; sourceTree = "<group>"; };
		0712E4AC29C6CA0A00243DF8 /* CustomAnnotation.swift */ = {isa = PBXFileReference; lastKnownFileType = sourcecode.swift; path = CustomAnnotation.swift; sourceTree = "<group>"; };
		0718B96129D08F7500D5CDDE /* NewsTab.storyboard */ = {isa = PBXFileReference; lastKnownFileType = file.storyboard; path = NewsTab.storyboard; sourceTree = "<group>"; };
		0718B96329D0940E00D5CDDE /* MoreViewController+TableView.swift */ = {isa = PBXFileReference; lastKnownFileType = sourcecode.swift; path = "MoreViewController+TableView.swift"; sourceTree = "<group>"; };
		072D5BB929C2E26A0024B938 /* Enum.swift */ = {isa = PBXFileReference; lastKnownFileType = sourcecode.swift; path = Enum.swift; sourceTree = "<group>"; };
		072D5BBD29C304C60024B938 /* MapViewController+CollectionView.swift */ = {isa = PBXFileReference; lastKnownFileType = sourcecode.swift; path = "MapViewController+CollectionView.swift"; sourceTree = "<group>"; };
		072D5BE129C33B910024B938 /* ClusterAnnotationView.swift */ = {isa = PBXFileReference; lastKnownFileType = sourcecode.swift; path = ClusterAnnotationView.swift; sourceTree = "<group>"; };
		0731E1CD29D430AF0057E12B /* TrackingViewController.swift */ = {isa = PBXFileReference; lastKnownFileType = sourcecode.swift; path = TrackingViewController.swift; sourceTree = "<group>"; };
		073AA2C029DBC18600398F9A /* Date.swift */ = {isa = PBXFileReference; lastKnownFileType = sourcecode.swift; path = Date.swift; sourceTree = "<group>"; };
		0751436729C201CD00109B8E /* UIImage.swift */ = {isa = PBXFileReference; lastKnownFileType = sourcecode.swift; path = UIImage.swift; sourceTree = "<group>"; };
		075FE43C29C5B42F00A5694C /* MapViewController+Annotation.swift */ = {isa = PBXFileReference; lastKnownFileType = sourcecode.swift; path = "MapViewController+Annotation.swift"; sourceTree = "<group>"; };
		075FE44029C5B63A00A5694C /* UIView.swift */ = {isa = PBXFileReference; lastKnownFileType = sourcecode.swift; path = UIView.swift; sourceTree = "<group>"; };
		0760D51C29D3296600796D73 /* RealmService.swift */ = {isa = PBXFileReference; lastKnownFileType = sourcecode.swift; path = RealmService.swift; sourceTree = "<group>"; };
		0760D51E29D32ED100796D73 /* MyPlaceData.swift */ = {isa = PBXFileReference; lastKnownFileType = sourcecode.swift; path = MyPlaceData.swift; sourceTree = "<group>"; };
		07648DC829C55F2900F994C1 /* SouthKoreaRecreationForestData_qc_20230312.csv */ = {isa = PBXFileReference; fileEncoding = 4; lastKnownFileType = text; path = SouthKoreaRecreationForestData_qc_20230312.csv; sourceTree = "<group>"; };
		0774AA8229D97CCF0048C781 /* TrackingViewModel.swift */ = {isa = PBXFileReference; lastKnownFileType = sourcecode.swift; path = TrackingViewModel.swift; sourceTree = "<group>"; };
		0774AA8429D97CD70048C781 /* AddMyPlaceViewModel.swift */ = {isa = PBXFileReference; lastKnownFileType = sourcecode.swift; path = AddMyPlaceViewModel.swift; sourceTree = "<group>"; };
		0774AA8629D97CEF0048C781 /* MyPlaceViewModel.swift */ = {isa = PBXFileReference; lastKnownFileType = sourcecode.swift; path = MyPlaceViewModel.swift; sourceTree = "<group>"; };
		077C1BDF29CD8B0700DA3218 /* RouteAnnotation.swift */ = {isa = PBXFileReference; lastKnownFileType = sourcecode.swift; path = RouteAnnotation.swift; sourceTree = "<group>"; };
		077C1BE129CD958D00DA3218 /* RouteAnnotationView.swift */ = {isa = PBXFileReference; lastKnownFileType = sourcecode.swift; path = RouteAnnotationView.swift; sourceTree = "<group>"; };
		077C1BE929CDEC7800DA3218 /* NewsViewController.swift */ = {isa = PBXFileReference; lastKnownFileType = sourcecode.swift; path = NewsViewController.swift; sourceTree = "<group>"; };
		077C1BEB29CDEDC100DA3218 /* URLRequest.swift */ = {isa = PBXFileReference; lastKnownFileType = sourcecode.swift; path = URLRequest.swift; sourceTree = "<group>"; };
		077C1BED29CDEE5500DA3218 /* NewsViewModel.swift */ = {isa = PBXFileReference; lastKnownFileType = sourcecode.swift; path = NewsViewModel.swift; sourceTree = "<group>"; };
		077C1BEF29CDEEC600DA3218 /* NewsCellData.swift */ = {isa = PBXFileReference; lastKnownFileType = sourcecode.swift; path = NewsCellData.swift; sourceTree = "<group>"; };
		077C1BF129CDF52B00DA3218 /* NewsTableViewCell.swift */ = {isa = PBXFileReference; lastKnownFileType = sourcecode.swift; path = NewsTableViewCell.swift; sourceTree = "<group>"; };
		077C1BF229CDF52B00DA3218 /* NewsTableViewCell.xib */ = {isa = PBXFileReference; lastKnownFileType = file.xib; path = NewsTableViewCell.xib; sourceTree = "<group>"; };
		0780E71C29C7F28B0030026F /* PlaceInfoTableViewCell.swift */ = {isa = PBXFileReference; lastKnownFileType = sourcecode.swift; path = PlaceInfoTableViewCell.swift; sourceTree = "<group>"; };
		0780E71D29C7F28B0030026F /* PlaceInfoTableViewCell.xib */ = {isa = PBXFileReference; lastKnownFileType = file.xib; path = PlaceInfoTableViewCell.xib; sourceTree = "<group>"; };
		0780E72029C7F99E0030026F /* PlaceInfoViewController+Modal.swift */ = {isa = PBXFileReference; lastKnownFileType = sourcecode.swift; path = "PlaceInfoViewController+Modal.swift"; sourceTree = "<group>"; };
		0790A42329D83161008C3923 /* TrackPoint.swift */ = {isa = PBXFileReference; lastKnownFileType = sourcecode.swift; path = TrackPoint.swift; sourceTree = "<group>"; };
		0790A42529D83208008C3923 /* TrackData.swift */ = {isa = PBXFileReference; lastKnownFileType = sourcecode.swift; path = TrackData.swift; sourceTree = "<group>"; };
		0790A42729D85DFD008C3923 /* MyPlaceTableViewCell.swift */ = {isa = PBXFileReference; lastKnownFileType = sourcecode.swift; path = MyPlaceTableViewCell.swift; sourceTree = "<group>"; };
		0790A42829D85DFD008C3923 /* MyPlaceTableViewCell.xib */ = {isa = PBXFileReference; lastKnownFileType = file.xib; path = MyPlaceTableViewCell.xib; sourceTree = "<group>"; };
		07987ED029C05772004B87F0 /* ThemeCellData.swift */ = {isa = PBXFileReference; lastKnownFileType = sourcecode.swift; path = ThemeCellData.swift; sourceTree = "<group>"; };
		0799CC9229BF584B006AB70D /* StrollPlaces.app */ = {isa = PBXFileReference; explicitFileType = wrapper.application; includeInIndex = 0; path = StrollPlaces.app; sourceTree = BUILT_PRODUCTS_DIR; };
		0799CC9529BF584B006AB70D /* AppDelegate.swift */ = {isa = PBXFileReference; lastKnownFileType = sourcecode.swift; path = AppDelegate.swift; sourceTree = "<group>"; };
		0799CC9729BF584B006AB70D /* SceneDelegate.swift */ = {isa = PBXFileReference; lastKnownFileType = sourcecode.swift; path = SceneDelegate.swift; sourceTree = "<group>"; };
		0799CC9C29BF584B006AB70D /* Base */ = {isa = PBXFileReference; lastKnownFileType = file.storyboard; name = Base; path = Base.lproj/Main.storyboard; sourceTree = "<group>"; };
		0799CC9E29BF584C006AB70D /* Assets.xcassets */ = {isa = PBXFileReference; lastKnownFileType = folder.assetcatalog; path = Assets.xcassets; sourceTree = "<group>"; };
		0799CCA129BF584C006AB70D /* Base */ = {isa = PBXFileReference; lastKnownFileType = file.storyboard; name = Base; path = Base.lproj/LaunchScreen.storyboard; sourceTree = "<group>"; };
		0799CCA329BF584C006AB70D /* Info.plist */ = {isa = PBXFileReference; lastKnownFileType = text.plist.xml; path = Info.plist; sourceTree = "<group>"; };
		0799CCA829BF584C006AB70D /* StrollPlacesTests.xctest */ = {isa = PBXFileReference; explicitFileType = wrapper.cfbundle; includeInIndex = 0; path = StrollPlacesTests.xctest; sourceTree = BUILT_PRODUCTS_DIR; };
		0799CCAC29BF584C006AB70D /* StrollPlacesTests.swift */ = {isa = PBXFileReference; lastKnownFileType = sourcecode.swift; path = StrollPlacesTests.swift; sourceTree = "<group>"; };
		0799CCB229BF584C006AB70D /* StrollPlacesUITests.xctest */ = {isa = PBXFileReference; explicitFileType = wrapper.cfbundle; includeInIndex = 0; path = StrollPlacesUITests.xctest; sourceTree = BUILT_PRODUCTS_DIR; };
		0799CCB629BF584C006AB70D /* StrollPlacesUITests.swift */ = {isa = PBXFileReference; lastKnownFileType = sourcecode.swift; path = StrollPlacesUITests.swift; sourceTree = "<group>"; };
		0799CCB829BF584C006AB70D /* StrollPlacesUITestsLaunchTests.swift */ = {isa = PBXFileReference; lastKnownFileType = sourcecode.swift; path = StrollPlacesUITestsLaunchTests.swift; sourceTree = "<group>"; };
		0799CCC729BF595C006AB70D /* TabBarController.swift */ = {isa = PBXFileReference; lastKnownFileType = sourcecode.swift; path = TabBarController.swift; sourceTree = "<group>"; };
		0799CCC929BF596E006AB70D /* MapViewController.swift */ = {isa = PBXFileReference; lastKnownFileType = sourcecode.swift; path = MapViewController.swift; sourceTree = "<group>"; };
		0799CCCB29BF5979006AB70D /* MyPlaceViewController.swift */ = {isa = PBXFileReference; lastKnownFileType = sourcecode.swift; path = MyPlaceViewController.swift; sourceTree = "<group>"; };
		0799CCCD29BF5980006AB70D /* MoreViewController.swift */ = {isa = PBXFileReference; lastKnownFileType = sourcecode.swift; path = MoreViewController.swift; sourceTree = "<group>"; };
		0799CCD229BF59C0006AB70D /* PublicData.swift */ = {isa = PBXFileReference; lastKnownFileType = sourcecode.swift; path = PublicData.swift; sourceTree = "<group>"; };
		0799CCD429BF59F3006AB70D /* ThemeCollectionViewCell.swift */ = {isa = PBXFileReference; lastKnownFileType = sourcecode.swift; path = ThemeCollectionViewCell.swift; sourceTree = "<group>"; };
		0799CCD529BF59F3006AB70D /* ThemeCollectionViewCell.xib */ = {isa = PBXFileReference; lastKnownFileType = file.xib; path = ThemeCollectionViewCell.xib; sourceTree = "<group>"; };
		0799CCDA29BF5A6F006AB70D /* K.swift */ = {isa = PBXFileReference; lastKnownFileType = sourcecode.swift; path = K.swift; sourceTree = "<group>"; };
		0799CCDC29BF5D02006AB70D /* MapViewModel.swift */ = {isa = PBXFileReference; lastKnownFileType = sourcecode.swift; path = MapViewModel.swift; sourceTree = "<group>"; };
		0799CCDE29BF5D5D006AB70D /* ThemeCellViewModel.swift */ = {isa = PBXFileReference; lastKnownFileType = sourcecode.swift; path = ThemeCellViewModel.swift; sourceTree = "<group>"; };
		0799CCE529BF62A9006AB70D /* SouthKoreaTourSpotData_qc_20230312.csv */ = {isa = PBXFileReference; fileEncoding = 4; lastKnownFileType = text; path = SouthKoreaTourSpotData_qc_20230312.csv; sourceTree = "<group>"; };
		0799CCE629BF62A9006AB70D /* SouthKoreaParkData_qc_20230312.csv */ = {isa = PBXFileReference; fileEncoding = 4; lastKnownFileType = text; path = SouthKoreaParkData_qc_20230312.csv; sourceTree = "<group>"; };
		0799CCE929BF65A9006AB70D /* MKMapView.swift */ = {isa = PBXFileReference; lastKnownFileType = sourcecode.swift; path = MKMapView.swift; sourceTree = "<group>"; };
		0799CCEB29BF6E10006AB70D /* Double.swift */ = {isa = PBXFileReference; lastKnownFileType = sourcecode.swift; path = Double.swift; sourceTree = "<group>"; };
		079AF4EF29C74931006C365B /* strollingMan.jpeg */ = {isa = PBXFileReference; lastKnownFileType = image.jpeg; path = strollingMan.jpeg; sourceTree = "<group>"; };
		079AF4F129C74C9D006C365B /* LoginViewController.swift */ = {isa = PBXFileReference; lastKnownFileType = sourcecode.swift; path = LoginViewController.swift; sourceTree = "<group>"; };
		07AC1EA829E3D3EB006BEA03 /* WidgetKit.framework */ = {isa = PBXFileReference; lastKnownFileType = wrapper.framework; name = WidgetKit.framework; path = System/Library/Frameworks/WidgetKit.framework; sourceTree = SDKROOT; };
		07AC1EAA29E3D3EB006BEA03 /* SwiftUI.framework */ = {isa = PBXFileReference; lastKnownFileType = wrapper.framework; name = SwiftUI.framework; path = System/Library/Frameworks/SwiftUI.framework; sourceTree = SDKROOT; };
		07AC1EC529E3D525006BEA03 /* TrackingExtension.appex */ = {isa = PBXFileReference; explicitFileType = "wrapper.app-extension"; includeInIndex = 0; path = TrackingExtension.appex; sourceTree = BUILT_PRODUCTS_DIR; };
		07AC1EC929E3D526006BEA03 /* TrackingBundle.swift */ = {isa = PBXFileReference; lastKnownFileType = sourcecode.swift; path = TrackingBundle.swift; sourceTree = "<group>"; };
		07AC1ECB29E3D526006BEA03 /* TrackingLiveActivity.swift */ = {isa = PBXFileReference; lastKnownFileType = sourcecode.swift; path = TrackingLiveActivity.swift; sourceTree = "<group>"; };
		07AC1ECD29E3D526006BEA03 /* Tracking.swift */ = {isa = PBXFileReference; lastKnownFileType = sourcecode.swift; path = Tracking.swift; sourceTree = "<group>"; };
		07AC1ECF29E3D526006BEA03 /* Tracking.intentdefinition */ = {isa = PBXFileReference; lastKnownFileType = file.intentdefinition; path = Tracking.intentdefinition; sourceTree = "<group>"; };
		07AC1ED029E3D527006BEA03 /* Assets.xcassets */ = {isa = PBXFileReference; lastKnownFileType = folder.assetcatalog; path = Assets.xcassets; sourceTree = "<group>"; };
		07AC1ED229E3D527006BEA03 /* Info.plist */ = {isa = PBXFileReference; lastKnownFileType = text.plist.xml; path = Info.plist; sourceTree = "<group>"; };
		07AC1EE029E3E3FC006BEA03 /* LiveActivityService.swift */ = {isa = PBXFileReference; lastKnownFileType = sourcecode.swift; path = LiveActivityService.swift; sourceTree = "<group>"; };
		07AFB58E29C011DD00DD1C34 /* MoreViewModel.swift */ = {isa = PBXFileReference; lastKnownFileType = sourcecode.swift; path = MoreViewModel.swift; sourceTree = "<group>"; };
		07AFB59029C012A600DD1C34 /* MoreCellData.swift */ = {isa = PBXFileReference; lastKnownFileType = sourcecode.swift; path = MoreCellData.swift; sourceTree = "<group>"; };
		07AFB59229C024BD00DD1C34 /* AppSettingValues.swift */ = {isa = PBXFileReference; lastKnownFileType = sourcecode.swift; path = AppSettingValues.swift; sourceTree = "<group>"; };
		07B2E3E429D156D300210207 /* MoreTableViewCell.swift */ = {isa = PBXFileReference; lastKnownFileType = sourcecode.swift; path = MoreTableViewCell.swift; sourceTree = "<group>"; };
		07B2E3E529D156D300210207 /* MoreTableViewCell.xib */ = {isa = PBXFileReference; lastKnownFileType = file.xib; path = MoreTableViewCell.xib; sourceTree = "<group>"; };
		07BAE44229CBE70A0048CE89 /* MapTab.storyboard */ = {isa = PBXFileReference; lastKnownFileType = file.storyboard; path = MapTab.storyboard; sourceTree = "<group>"; };
		07BAE44429CBE8D60048CE89 /* MyPlaceTab.storyboard */ = {isa = PBXFileReference; lastKnownFileType = file.storyboard; path = MyPlaceTab.storyboard; sourceTree = "<group>"; };
		07CDB0A329CF068D00F139BB /* String.swift */ = {isa = PBXFileReference; lastKnownFileType = sourcecode.swift; path = String.swift; sourceTree = "<group>"; };
		07CDB0A529CF11BD00F139BB /* MoreTab.storyboard */ = {isa = PBXFileReference; lastKnownFileType = file.storyboard; path = MoreTab.storyboard; sourceTree = "<group>"; };
		07CEA61E29C97BB3009CF3A7 /* PlaceInfoViewModel.swift */ = {isa = PBXFileReference; lastKnownFileType = sourcecode.swift; path = PlaceInfoViewModel.swift; sourceTree = "<group>"; };
		07D01A2129E65AAC00FE85D4 /* CountdownView.swift */ = {isa = PBXFileReference; lastKnownFileType = sourcecode.swift; path = CountdownView.swift; sourceTree = "<group>"; };
		16650632E032CF58426FB33C /* Pods-StrollPlaces-StrollPlacesUITests.release.xcconfig */ = {isa = PBXFileReference; includeInIndex = 1; lastKnownFileType = text.xcconfig; name = "Pods-StrollPlaces-StrollPlacesUITests.release.xcconfig"; path = "Target Support Files/Pods-StrollPlaces-StrollPlacesUITests/Pods-StrollPlaces-StrollPlacesUITests.release.xcconfig"; sourceTree = "<group>"; };
		36BB15C57B4A8E2861E602A1 /* Pods_StrollPlaces.framework */ = {isa = PBXFileReference; explicitFileType = wrapper.framework; includeInIndex = 0; path = Pods_StrollPlaces.framework; sourceTree = BUILT_PRODUCTS_DIR; };
		397451D7E7C5B4783076C56E /* Pods_StrollPlaces_StrollPlacesUITests.framework */ = {isa = PBXFileReference; explicitFileType = wrapper.framework; includeInIndex = 0; path = Pods_StrollPlaces_StrollPlacesUITests.framework; sourceTree = BUILT_PRODUCTS_DIR; };
		67D7077385DE03245CFFA290 /* Pods_StrollPlacesTests.framework */ = {isa = PBXFileReference; explicitFileType = wrapper.framework; includeInIndex = 0; path = Pods_StrollPlacesTests.framework; sourceTree = BUILT_PRODUCTS_DIR; };
		8330C6868F35B7508B9C8311 /* Pods-StrollPlacesTests.debug.xcconfig */ = {isa = PBXFileReference; includeInIndex = 1; lastKnownFileType = text.xcconfig; name = "Pods-StrollPlacesTests.debug.xcconfig"; path = "Target Support Files/Pods-StrollPlacesTests/Pods-StrollPlacesTests.debug.xcconfig"; sourceTree = "<group>"; };
		8D3C143F3D4DD06B08B673BF /* Pods-StrollPlaces-StrollPlacesUITests.debug.xcconfig */ = {isa = PBXFileReference; includeInIndex = 1; lastKnownFileType = text.xcconfig; name = "Pods-StrollPlaces-StrollPlacesUITests.debug.xcconfig"; path = "Target Support Files/Pods-StrollPlaces-StrollPlacesUITests/Pods-StrollPlaces-StrollPlacesUITests.debug.xcconfig"; sourceTree = "<group>"; };
		DAE6C4FAFD8200F2BA532A6A /* Pods-StrollPlaces.debug.xcconfig */ = {isa = PBXFileReference; includeInIndex = 1; lastKnownFileType = text.xcconfig; name = "Pods-StrollPlaces.debug.xcconfig"; path = "Target Support Files/Pods-StrollPlaces/Pods-StrollPlaces.debug.xcconfig"; sourceTree = "<group>"; };
		E8C17C7780C6F44B5BE228BC /* Pods-StrollPlacesTests.release.xcconfig */ = {isa = PBXFileReference; includeInIndex = 1; lastKnownFileType = text.xcconfig; name = "Pods-StrollPlacesTests.release.xcconfig"; path = "Target Support Files/Pods-StrollPlacesTests/Pods-StrollPlacesTests.release.xcconfig"; sourceTree = "<group>"; };
/* End PBXFileReference section */

/* Begin PBXFrameworksBuildPhase section */
		0799CC8F29BF584B006AB70D /* Frameworks */ = {
			isa = PBXFrameworksBuildPhase;
			buildActionMask = 2147483647;
			files = (
				47C285DB61BA24413BB8DB41 /* Pods_StrollPlaces.framework in Frameworks */,
			);
			runOnlyForDeploymentPostprocessing = 0;
		};
		0799CCA529BF584C006AB70D /* Frameworks */ = {
			isa = PBXFrameworksBuildPhase;
			buildActionMask = 2147483647;
			files = (
				D833011D7D771016C3150402 /* Pods_StrollPlacesTests.framework in Frameworks */,
			);
			runOnlyForDeploymentPostprocessing = 0;
		};
		0799CCAF29BF584C006AB70D /* Frameworks */ = {
			isa = PBXFrameworksBuildPhase;
			buildActionMask = 2147483647;
			files = (
				119150A1FD78048A2B1AA21A /* Pods_StrollPlaces_StrollPlacesUITests.framework in Frameworks */,
			);
			runOnlyForDeploymentPostprocessing = 0;
		};
		07AC1EC229E3D525006BEA03 /* Frameworks */ = {
			isa = PBXFrameworksBuildPhase;
			buildActionMask = 2147483647;
			files = (
				07AC1EC729E3D525006BEA03 /* SwiftUI.framework in Frameworks */,
				07AC1EC629E3D525006BEA03 /* WidgetKit.framework in Frameworks */,
			);
			runOnlyForDeploymentPostprocessing = 0;
		};
/* End PBXFrameworksBuildPhase section */

/* Begin PBXGroup section */
		0760D51B29D3295700796D73 /* Service */ = {
			isa = PBXGroup;
			children = (
				0760D51C29D3296600796D73 /* RealmService.swift */,
				070FFAFF29D56B4900987285 /* AlertService.swift */,
			);
			path = Service;
			sourceTree = "<group>";
		};
		0774AA8129D94C790048C781 /* Realm */ = {
			isa = PBXGroup;
			children = (
				0790A42329D83161008C3923 /* TrackPoint.swift */,
				0790A42529D83208008C3923 /* TrackData.swift */,
			);
			path = Realm;
			sourceTree = "<group>";
		};
		077C1BE529CDEBE700DA3218 /* Map */ = {
			isa = PBXGroup;
			children = (
				0799CCC929BF596E006AB70D /* MapViewController.swift */,
				072D5BBD29C304C60024B938 /* MapViewController+CollectionView.swift */,
				075FE43C29C5B42F00A5694C /* MapViewController+Annotation.swift */,
				0712E4AA29C6B3A000243DF8 /* PlaceInfoViewController.swift */,
				0780E72029C7F99E0030026F /* PlaceInfoViewController+Modal.swift */,
			);
			path = Map;
			sourceTree = "<group>";
		};
		077C1BE629CDEBF900DA3218 /* MyPlace */ = {
			isa = PBXGroup;
			children = (
				0799CCCB29BF5979006AB70D /* MyPlaceViewController.swift */,
				0731E1CD29D430AF0057E12B /* TrackingViewController.swift */,
				070FFB0129D5D8D000987285 /* TrackingViewController+Route.swift */,
				0709557629D2B2A300068C91 /* AddMyPlaceViewController.swift */,
				0709557429D2B29200068C91 /* TipViewController.swift */,
			);
			path = MyPlace;
			sourceTree = "<group>";
		};
		077C1BE729CDEC5500DA3218 /* News */ = {
			isa = PBXGroup;
			children = (
				077C1BE929CDEC7800DA3218 /* NewsViewController.swift */,
			);
			path = News;
			sourceTree = "<group>";
		};
		077C1BE829CDEC6300DA3218 /* More */ = {
			isa = PBXGroup;
			children = (
				0799CCCD29BF5980006AB70D /* MoreViewController.swift */,
				0718B96329D0940E00D5CDDE /* MoreViewController+TableView.swift */,
			);
			path = More;
			sourceTree = "<group>";
		};
		0799CC8929BF584B006AB70D = {
			isa = PBXGroup;
			children = (
				0799CC9429BF584B006AB70D /* StrollPlaces */,
				07AC1EC829E3D526006BEA03 /* Tracking */,
				0799CCAB29BF584C006AB70D /* StrollPlacesTests */,
				0799CCB529BF584C006AB70D /* StrollPlacesUITests */,
				0799CC9329BF584B006AB70D /* Products */,
				CCFB79114FD009998CD50126 /* Pods */,
				911A2571663AC9DCAF7EFE9B /* Frameworks */,
			);
			sourceTree = "<group>";
		};
		0799CC9329BF584B006AB70D /* Products */ = {
			isa = PBXGroup;
			children = (
				0799CC9229BF584B006AB70D /* StrollPlaces.app */,
				0799CCA829BF584C006AB70D /* StrollPlacesTests.xctest */,
				0799CCB229BF584C006AB70D /* StrollPlacesUITests.xctest */,
				07AC1EC529E3D525006BEA03 /* TrackingExtension.appex */,
			);
			name = Products;
			sourceTree = "<group>";
		};
		0799CC9429BF584B006AB70D /* StrollPlaces */ = {
			isa = PBXGroup;
			children = (
				0799CCE629BF62A9006AB70D /* SouthKoreaParkData_qc_20230312.csv */,
				0706B3B329C4B48900AF06D1 /* SouthKoreaStrollWayData_qc_20230312.csv */,
				07648DC829C55F2900F994C1 /* SouthKoreaRecreationForestData_qc_20230312.csv */,
				0799CCE529BF62A9006AB70D /* SouthKoreaTourSpotData_qc_20230312.csv */,
				0799CC9529BF584B006AB70D /* AppDelegate.swift */,
				0799CC9729BF584B006AB70D /* SceneDelegate.swift */,
				0799CC9E29BF584C006AB70D /* Assets.xcassets */,
				0799CCA329BF584C006AB70D /* Info.plist */,
				0799CCD929BF5A62006AB70D /* Extension */,
				0799CCD829BF5A5E006AB70D /* Helper */,
				0760D51B29D3295700796D73 /* Service */,
				0799CCD129BF59A0006AB70D /* Model */,
				0799CCC529BF5941006AB70D /* View */,
				0799CCD029BF5996006AB70D /* ViewModel */,
			);
			path = StrollPlaces;
			sourceTree = "<group>";
		};
		0799CCAB29BF584C006AB70D /* StrollPlacesTests */ = {
			isa = PBXGroup;
			children = (
				0799CCAC29BF584C006AB70D /* StrollPlacesTests.swift */,
			);
			path = StrollPlacesTests;
			sourceTree = "<group>";
		};
		0799CCB529BF584C006AB70D /* StrollPlacesUITests */ = {
			isa = PBXGroup;
			children = (
				0799CCB629BF584C006AB70D /* StrollPlacesUITests.swift */,
				0799CCB829BF584C006AB70D /* StrollPlacesUITestsLaunchTests.swift */,
			);
			path = StrollPlacesUITests;
			sourceTree = "<group>";
		};
		0799CCC529BF5941006AB70D /* View */ = {
			isa = PBXGroup;
			children = (
				079AF4EC29C74683006C365B /* Storyboard */,
				0799CCC629BF5947006AB70D /* Controller */,
				0799CCCF29BF5987006AB70D /* Cell */,
			);
			path = View;
			sourceTree = "<group>";
		};
		0799CCC629BF5947006AB70D /* Controller */ = {
			isa = PBXGroup;
			children = (
				0799CCC729BF595C006AB70D /* TabBarController.swift */,
				079AF4F129C74C9D006C365B /* LoginViewController.swift */,
				077C1BE529CDEBE700DA3218 /* Map */,
				077C1BE629CDEBF900DA3218 /* MyPlace */,
				077C1BE729CDEC5500DA3218 /* News */,
				077C1BE829CDEC6300DA3218 /* More */,
			);
			path = Controller;
			sourceTree = "<group>";
		};
		0799CCCF29BF5987006AB70D /* Cell */ = {
			isa = PBXGroup;
			children = (
				0799CCD429BF59F3006AB70D /* ThemeCollectionViewCell.swift */,
				0799CCD529BF59F3006AB70D /* ThemeCollectionViewCell.xib */,
				0780E71C29C7F28B0030026F /* PlaceInfoTableViewCell.swift */,
				0780E71D29C7F28B0030026F /* PlaceInfoTableViewCell.xib */,
				0790A42729D85DFD008C3923 /* MyPlaceTableViewCell.swift */,
				0790A42829D85DFD008C3923 /* MyPlaceTableViewCell.xib */,
				077C1BF129CDF52B00DA3218 /* NewsTableViewCell.swift */,
				077C1BF229CDF52B00DA3218 /* NewsTableViewCell.xib */,
				07B2E3E429D156D300210207 /* MoreTableViewCell.swift */,
				07B2E3E529D156D300210207 /* MoreTableViewCell.xib */,
			);
			path = Cell;
			sourceTree = "<group>";
		};
		0799CCD029BF5996006AB70D /* ViewModel */ = {
			isa = PBXGroup;
			children = (
				0799CCDC29BF5D02006AB70D /* MapViewModel.swift */,
				0799CCDE29BF5D5D006AB70D /* ThemeCellViewModel.swift */,
				07CEA61E29C97BB3009CF3A7 /* PlaceInfoViewModel.swift */,
				0774AA8629D97CEF0048C781 /* MyPlaceViewModel.swift */,
				0774AA8229D97CCF0048C781 /* TrackingViewModel.swift */,
				0774AA8429D97CD70048C781 /* AddMyPlaceViewModel.swift */,
				077C1BED29CDEE5500DA3218 /* NewsViewModel.swift */,
				07AFB58E29C011DD00DD1C34 /* MoreViewModel.swift */,
			);
			path = ViewModel;
			sourceTree = "<group>";
		};
		0799CCD129BF59A0006AB70D /* Model */ = {
			isa = PBXGroup;
			children = (
				0799CCD229BF59C0006AB70D /* PublicData.swift */,
				07987ED029C05772004B87F0 /* ThemeCellData.swift */,
				0760D51E29D32ED100796D73 /* MyPlaceData.swift */,
				077C1BEF29CDEEC600DA3218 /* NewsCellData.swift */,
				07AFB59029C012A600DD1C34 /* MoreCellData.swift */,
				0774AA8129D94C790048C781 /* Realm */,
			);
			path = Model;
			sourceTree = "<group>";
		};
		0799CCD829BF5A5E006AB70D /* Helper */ = {
			isa = PBXGroup;
			children = (
				0799CCDA29BF5A6F006AB70D /* K.swift */,
				07AFB59229C024BD00DD1C34 /* AppSettingValues.swift */,
				072D5BB929C2E26A0024B938 /* Enum.swift */,
				0712E4AC29C6CA0A00243DF8 /* CustomAnnotation.swift */,
				077C1BDF29CD8B0700DA3218 /* RouteAnnotation.swift */,
				077C1BE129CD958D00DA3218 /* RouteAnnotationView.swift */,
				072D5BE129C33B910024B938 /* ClusterAnnotationView.swift */,
				07D01A2129E65AAC00FE85D4 /* CountdownView.swift */,
			);
			path = Helper;
			sourceTree = "<group>";
		};
		0799CCD929BF5A62006AB70D /* Extension */ = {
			isa = PBXGroup;
			children = (
				0799CCEB29BF6E10006AB70D /* Double.swift */,
				07CDB0A329CF068D00F139BB /* String.swift */,
				073AA2C029DBC18600398F9A /* Date.swift */,
				0751436729C201CD00109B8E /* UIImage.swift */,
				075FE44029C5B63A00A5694C /* UIView.swift */,
				0799CCE929BF65A9006AB70D /* MKMapView.swift */,
				077C1BEB29CDEDC100DA3218 /* URLRequest.swift */,
				070D486E29E6C958009B67A8 /* CLPlacemark.swift */,
			);
			path = Extension;
			sourceTree = "<group>";
		};
		079AF4EC29C74683006C365B /* Storyboard */ = {
			isa = PBXGroup;
			children = (
				0799CCA029BF584C006AB70D /* LaunchScreen.storyboard */,
				0799CC9B29BF584B006AB70D /* Main.storyboard */,
				07BAE44229CBE70A0048CE89 /* MapTab.storyboard */,
				07BAE44429CBE8D60048CE89 /* MyPlaceTab.storyboard */,
				0718B96129D08F7500D5CDDE /* NewsTab.storyboard */,
				07CDB0A529CF11BD00F139BB /* MoreTab.storyboard */,
				079AF4EF29C74931006C365B /* strollingMan.jpeg */,
			);
			path = Storyboard;
			sourceTree = "<group>";
		};
		07AC1EC829E3D526006BEA03 /* Tracking */ = {
			isa = PBXGroup;
			children = (
				07AC1EC929E3D526006BEA03 /* TrackingBundle.swift */,
				07AC1ECB29E3D526006BEA03 /* TrackingLiveActivity.swift */,
				07AC1EE029E3E3FC006BEA03 /* LiveActivityService.swift */,
				07AC1ECD29E3D526006BEA03 /* Tracking.swift */,
				07AC1ECF29E3D526006BEA03 /* Tracking.intentdefinition */,
				07AC1ED029E3D527006BEA03 /* Assets.xcassets */,
				07AC1ED229E3D527006BEA03 /* Info.plist */,
			);
			path = Tracking;
			sourceTree = "<group>";
		};
		911A2571663AC9DCAF7EFE9B /* Frameworks */ = {
			isa = PBXGroup;
			children = (
				36BB15C57B4A8E2861E602A1 /* Pods_StrollPlaces.framework */,
				397451D7E7C5B4783076C56E /* Pods_StrollPlaces_StrollPlacesUITests.framework */,
				67D7077385DE03245CFFA290 /* Pods_StrollPlacesTests.framework */,
				07AC1EA829E3D3EB006BEA03 /* WidgetKit.framework */,
				07AC1EAA29E3D3EB006BEA03 /* SwiftUI.framework */,
			);
			name = Frameworks;
			sourceTree = "<group>";
		};
		CCFB79114FD009998CD50126 /* Pods */ = {
			isa = PBXGroup;
			children = (
				DAE6C4FAFD8200F2BA532A6A /* Pods-StrollPlaces.debug.xcconfig */,
				06DC4CC2BC10739BAF3EB5C9 /* Pods-StrollPlaces.release.xcconfig */,
				8D3C143F3D4DD06B08B673BF /* Pods-StrollPlaces-StrollPlacesUITests.debug.xcconfig */,
				16650632E032CF58426FB33C /* Pods-StrollPlaces-StrollPlacesUITests.release.xcconfig */,
				8330C6868F35B7508B9C8311 /* Pods-StrollPlacesTests.debug.xcconfig */,
				E8C17C7780C6F44B5BE228BC /* Pods-StrollPlacesTests.release.xcconfig */,
			);
			path = Pods;
			sourceTree = "<group>";
		};
/* End PBXGroup section */

/* Begin PBXNativeTarget section */
		0799CC9129BF584B006AB70D /* StrollPlaces */ = {
			isa = PBXNativeTarget;
			buildConfigurationList = 0799CCBC29BF584C006AB70D /* Build configuration list for PBXNativeTarget "StrollPlaces" */;
			buildPhases = (
				9BDE6709A83E9E278899FBD5 /* [CP] Check Pods Manifest.lock */,
				0799CC8E29BF584B006AB70D /* Sources */,
				0799CC8F29BF584B006AB70D /* Frameworks */,
				0799CC9029BF584B006AB70D /* Resources */,
				4DF3F305FB9B617114A5E612 /* [CP] Embed Pods Frameworks */,
				07AC1EBF29E3D3EC006BEA03 /* Embed Foundation Extensions */,
			);
			buildRules = (
			);
			dependencies = (
				07AC1ED629E3D527006BEA03 /* PBXTargetDependency */,
			);
			name = StrollPlaces;
			productName = StrollPlaces;
			productReference = 0799CC9229BF584B006AB70D /* StrollPlaces.app */;
			productType = "com.apple.product-type.application";
		};
		0799CCA729BF584C006AB70D /* StrollPlacesTests */ = {
			isa = PBXNativeTarget;
			buildConfigurationList = 0799CCBF29BF584C006AB70D /* Build configuration list for PBXNativeTarget "StrollPlacesTests" */;
			buildPhases = (
				CDD8A230717A1A4BB31506A5 /* [CP] Check Pods Manifest.lock */,
				0799CCA429BF584C006AB70D /* Sources */,
				0799CCA529BF584C006AB70D /* Frameworks */,
				0799CCA629BF584C006AB70D /* Resources */,
			);
			buildRules = (
			);
			dependencies = (
				0799CCAA29BF584C006AB70D /* PBXTargetDependency */,
			);
			name = StrollPlacesTests;
			productName = StrollPlacesTests;
			productReference = 0799CCA829BF584C006AB70D /* StrollPlacesTests.xctest */;
			productType = "com.apple.product-type.bundle.unit-test";
		};
		0799CCB129BF584C006AB70D /* StrollPlacesUITests */ = {
			isa = PBXNativeTarget;
			buildConfigurationList = 0799CCC229BF584C006AB70D /* Build configuration list for PBXNativeTarget "StrollPlacesUITests" */;
			buildPhases = (
				EDB0A0BCA68E5F9586C5418C /* [CP] Check Pods Manifest.lock */,
				0799CCAE29BF584C006AB70D /* Sources */,
				0799CCAF29BF584C006AB70D /* Frameworks */,
				0799CCB029BF584C006AB70D /* Resources */,
				52BCE44DFE50AA39885C8023 /* [CP] Embed Pods Frameworks */,
			);
			buildRules = (
			);
			dependencies = (
				0799CCB429BF584C006AB70D /* PBXTargetDependency */,
			);
			name = StrollPlacesUITests;
			productName = StrollPlacesUITests;
			productReference = 0799CCB229BF584C006AB70D /* StrollPlacesUITests.xctest */;
			productType = "com.apple.product-type.bundle.ui-testing";
		};
		07AC1EC429E3D525006BEA03 /* TrackingExtension */ = {
			isa = PBXNativeTarget;
			buildConfigurationList = 07AC1ED829E3D527006BEA03 /* Build configuration list for PBXNativeTarget "TrackingExtension" */;
			buildPhases = (
				07AC1EC129E3D525006BEA03 /* Sources */,
				07AC1EC229E3D525006BEA03 /* Frameworks */,
				07AC1EC329E3D525006BEA03 /* Resources */,
			);
			buildRules = (
			);
			dependencies = (
			);
			name = TrackingExtension;
			productName = TrackingExtension;
			productReference = 07AC1EC529E3D525006BEA03 /* TrackingExtension.appex */;
			productType = "com.apple.product-type.app-extension";
		};
/* End PBXNativeTarget section */

/* Begin PBXProject section */
		0799CC8A29BF584B006AB70D /* Project object */ = {
			isa = PBXProject;
			attributes = {
				BuildIndependentTargetsInParallel = 1;
				LastSwiftUpdateCheck = 1430;
				LastUpgradeCheck = 1420;
				TargetAttributes = {
					0799CC9129BF584B006AB70D = {
						CreatedOnToolsVersion = 14.2;
					};
					0799CCA729BF584C006AB70D = {
						CreatedOnToolsVersion = 14.2;
						TestTargetID = 0799CC9129BF584B006AB70D;
					};
					0799CCB129BF584C006AB70D = {
						CreatedOnToolsVersion = 14.2;
						TestTargetID = 0799CC9129BF584B006AB70D;
					};
					07AC1EC429E3D525006BEA03 = {
						CreatedOnToolsVersion = 14.3;
					};
				};
			};
			buildConfigurationList = 0799CC8D29BF584B006AB70D /* Build configuration list for PBXProject "StrollPlaces" */;
			compatibilityVersion = "Xcode 14.0";
			developmentRegion = en;
			hasScannedForEncodings = 0;
			knownRegions = (
				en,
				Base,
			);
			mainGroup = 0799CC8929BF584B006AB70D;
			productRefGroup = 0799CC9329BF584B006AB70D /* Products */;
			projectDirPath = "";
			projectRoot = "";
			targets = (
				0799CC9129BF584B006AB70D /* StrollPlaces */,
				0799CCA729BF584C006AB70D /* StrollPlacesTests */,
				0799CCB129BF584C006AB70D /* StrollPlacesUITests */,
				07AC1EC429E3D525006BEA03 /* TrackingExtension */,
			);
		};
/* End PBXProject section */

/* Begin PBXResourcesBuildPhase section */
		0799CC9029BF584B006AB70D /* Resources */ = {
			isa = PBXResourcesBuildPhase;
			buildActionMask = 2147483647;
			files = (
				07CDB0A629CF11BD00F139BB /* MoreTab.storyboard in Resources */,
				0799CCE829BF62A9006AB70D /* SouthKoreaParkData_qc_20230312.csv in Resources */,
				0780E71F29C7F28B0030026F /* PlaceInfoTableViewCell.xib in Resources */,
				0799CCA229BF584C006AB70D /* LaunchScreen.storyboard in Resources */,
				077C1BF429CDF52B00DA3218 /* NewsTableViewCell.xib in Resources */,
				0799CC9F29BF584C006AB70D /* Assets.xcassets in Resources */,
				0706B3B429C4B48900AF06D1 /* SouthKoreaStrollWayData_qc_20230312.csv in Resources */,
				079AF4F029C74931006C365B /* strollingMan.jpeg in Resources */,
				0799CCD729BF59F3006AB70D /* ThemeCollectionViewCell.xib in Resources */,
				0790A42A29D85DFD008C3923 /* MyPlaceTableViewCell.xib in Resources */,
				07BAE44329CBE70A0048CE89 /* MapTab.storyboard in Resources */,
				07648DC929C55F2900F994C1 /* SouthKoreaRecreationForestData_qc_20230312.csv in Resources */,
				0799CC9D29BF584B006AB70D /* Main.storyboard in Resources */,
				07B2E3E729D156D300210207 /* MoreTableViewCell.xib in Resources */,
				0718B96229D08F7500D5CDDE /* NewsTab.storyboard in Resources */,
				07BAE44529CBE8D60048CE89 /* MyPlaceTab.storyboard in Resources */,
				0799CCE729BF62A9006AB70D /* SouthKoreaTourSpotData_qc_20230312.csv in Resources */,
			);
			runOnlyForDeploymentPostprocessing = 0;
		};
		0799CCA629BF584C006AB70D /* Resources */ = {
			isa = PBXResourcesBuildPhase;
			buildActionMask = 2147483647;
			files = (
			);
			runOnlyForDeploymentPostprocessing = 0;
		};
		0799CCB029BF584C006AB70D /* Resources */ = {
			isa = PBXResourcesBuildPhase;
			buildActionMask = 2147483647;
			files = (
			);
			runOnlyForDeploymentPostprocessing = 0;
		};
		07AC1EC329E3D525006BEA03 /* Resources */ = {
			isa = PBXResourcesBuildPhase;
			buildActionMask = 2147483647;
			files = (
				07AC1ED129E3D527006BEA03 /* Assets.xcassets in Resources */,
			);
			runOnlyForDeploymentPostprocessing = 0;
		};
/* End PBXResourcesBuildPhase section */

/* Begin PBXShellScriptBuildPhase section */
		4DF3F305FB9B617114A5E612 /* [CP] Embed Pods Frameworks */ = {
			isa = PBXShellScriptBuildPhase;
			buildActionMask = 2147483647;
			files = (
			);
			inputFileListPaths = (
				"${PODS_ROOT}/Target Support Files/Pods-StrollPlaces/Pods-StrollPlaces-frameworks-${CONFIGURATION}-input-files.xcfilelist",
			);
			name = "[CP] Embed Pods Frameworks";
			outputFileListPaths = (
				"${PODS_ROOT}/Target Support Files/Pods-StrollPlaces/Pods-StrollPlaces-frameworks-${CONFIGURATION}-output-files.xcfilelist",
			);
			runOnlyForDeploymentPostprocessing = 0;
			shellPath = /bin/sh;
			shellScript = "\"${PODS_ROOT}/Target Support Files/Pods-StrollPlaces/Pods-StrollPlaces-frameworks.sh\"\n";
			showEnvVarsInLog = 0;
		};
		52BCE44DFE50AA39885C8023 /* [CP] Embed Pods Frameworks */ = {
			isa = PBXShellScriptBuildPhase;
			buildActionMask = 2147483647;
			files = (
			);
			inputFileListPaths = (
				"${PODS_ROOT}/Target Support Files/Pods-StrollPlaces-StrollPlacesUITests/Pods-StrollPlaces-StrollPlacesUITests-frameworks-${CONFIGURATION}-input-files.xcfilelist",
			);
			name = "[CP] Embed Pods Frameworks";
			outputFileListPaths = (
				"${PODS_ROOT}/Target Support Files/Pods-StrollPlaces-StrollPlacesUITests/Pods-StrollPlaces-StrollPlacesUITests-frameworks-${CONFIGURATION}-output-files.xcfilelist",
			);
			runOnlyForDeploymentPostprocessing = 0;
			shellPath = /bin/sh;
			shellScript = "\"${PODS_ROOT}/Target Support Files/Pods-StrollPlaces-StrollPlacesUITests/Pods-StrollPlaces-StrollPlacesUITests-frameworks.sh\"\n";
			showEnvVarsInLog = 0;
		};
		9BDE6709A83E9E278899FBD5 /* [CP] Check Pods Manifest.lock */ = {
			isa = PBXShellScriptBuildPhase;
			buildActionMask = 2147483647;
			files = (
			);
			inputFileListPaths = (
			);
			inputPaths = (
				"${PODS_PODFILE_DIR_PATH}/Podfile.lock",
				"${PODS_ROOT}/Manifest.lock",
			);
			name = "[CP] Check Pods Manifest.lock";
			outputFileListPaths = (
			);
			outputPaths = (
				"$(DERIVED_FILE_DIR)/Pods-StrollPlaces-checkManifestLockResult.txt",
			);
			runOnlyForDeploymentPostprocessing = 0;
			shellPath = /bin/sh;
			shellScript = "diff \"${PODS_PODFILE_DIR_PATH}/Podfile.lock\" \"${PODS_ROOT}/Manifest.lock\" > /dev/null\nif [ $? != 0 ] ; then\n    # print error to STDERR\n    echo \"error: The sandbox is not in sync with the Podfile.lock. Run 'pod install' or update your CocoaPods installation.\" >&2\n    exit 1\nfi\n# This output is used by Xcode 'outputs' to avoid re-running this script phase.\necho \"SUCCESS\" > \"${SCRIPT_OUTPUT_FILE_0}\"\n";
			showEnvVarsInLog = 0;
		};
		CDD8A230717A1A4BB31506A5 /* [CP] Check Pods Manifest.lock */ = {
			isa = PBXShellScriptBuildPhase;
			buildActionMask = 2147483647;
			files = (
			);
			inputFileListPaths = (
			);
			inputPaths = (
				"${PODS_PODFILE_DIR_PATH}/Podfile.lock",
				"${PODS_ROOT}/Manifest.lock",
			);
			name = "[CP] Check Pods Manifest.lock";
			outputFileListPaths = (
			);
			outputPaths = (
				"$(DERIVED_FILE_DIR)/Pods-StrollPlacesTests-checkManifestLockResult.txt",
			);
			runOnlyForDeploymentPostprocessing = 0;
			shellPath = /bin/sh;
			shellScript = "diff \"${PODS_PODFILE_DIR_PATH}/Podfile.lock\" \"${PODS_ROOT}/Manifest.lock\" > /dev/null\nif [ $? != 0 ] ; then\n    # print error to STDERR\n    echo \"error: The sandbox is not in sync with the Podfile.lock. Run 'pod install' or update your CocoaPods installation.\" >&2\n    exit 1\nfi\n# This output is used by Xcode 'outputs' to avoid re-running this script phase.\necho \"SUCCESS\" > \"${SCRIPT_OUTPUT_FILE_0}\"\n";
			showEnvVarsInLog = 0;
		};
		EDB0A0BCA68E5F9586C5418C /* [CP] Check Pods Manifest.lock */ = {
			isa = PBXShellScriptBuildPhase;
			buildActionMask = 2147483647;
			files = (
			);
			inputFileListPaths = (
			);
			inputPaths = (
				"${PODS_PODFILE_DIR_PATH}/Podfile.lock",
				"${PODS_ROOT}/Manifest.lock",
			);
			name = "[CP] Check Pods Manifest.lock";
			outputFileListPaths = (
			);
			outputPaths = (
				"$(DERIVED_FILE_DIR)/Pods-StrollPlaces-StrollPlacesUITests-checkManifestLockResult.txt",
			);
			runOnlyForDeploymentPostprocessing = 0;
			shellPath = /bin/sh;
			shellScript = "diff \"${PODS_PODFILE_DIR_PATH}/Podfile.lock\" \"${PODS_ROOT}/Manifest.lock\" > /dev/null\nif [ $? != 0 ] ; then\n    # print error to STDERR\n    echo \"error: The sandbox is not in sync with the Podfile.lock. Run 'pod install' or update your CocoaPods installation.\" >&2\n    exit 1\nfi\n# This output is used by Xcode 'outputs' to avoid re-running this script phase.\necho \"SUCCESS\" > \"${SCRIPT_OUTPUT_FILE_0}\"\n";
			showEnvVarsInLog = 0;
		};
/* End PBXShellScriptBuildPhase section */

/* Begin PBXSourcesBuildPhase section */
		0799CC8E29BF584B006AB70D /* Sources */ = {
			isa = PBXSourcesBuildPhase;
			buildActionMask = 2147483647;
			files = (
				0760D51F29D32ED100796D73 /* MyPlaceData.swift in Sources */,
				079AF4F229C74C9D006C365B /* LoginViewController.swift in Sources */,
				0780E71E29C7F28B0030026F /* PlaceInfoTableViewCell.swift in Sources */,
				072D5BBE29C304C60024B938 /* MapViewController+CollectionView.swift in Sources */,
				0799CCC829BF595C006AB70D /* TabBarController.swift in Sources */,
				0799CCDD29BF5D02006AB70D /* MapViewModel.swift in Sources */,
				07987ED129C05772004B87F0 /* ThemeCellData.swift in Sources */,
				075FE43D29C5B42F00A5694C /* MapViewController+Annotation.swift in Sources */,
				07AC1EE129E3E3FC006BEA03 /* LiveActivityService.swift in Sources */,
				0799CCD329BF59C0006AB70D /* PublicData.swift in Sources */,
				0799CCDB29BF5A6F006AB70D /* K.swift in Sources */,
				077C1BEE29CDEE5500DA3218 /* NewsViewModel.swift in Sources */,
				072D5BBA29C2E26A0024B938 /* Enum.swift in Sources */,
				0799CCDF29BF5D5D006AB70D /* ThemeCellViewModel.swift in Sources */,
				0731E1CE29D430AF0057E12B /* TrackingViewController.swift in Sources */,
				0751436829C201CD00109B8E /* UIImage.swift in Sources */,
				0799CCD629BF59F3006AB70D /* ThemeCollectionViewCell.swift in Sources */,
				0774AA8729D97CEF0048C781 /* MyPlaceViewModel.swift in Sources */,
				077C1BE029CD8B0700DA3218 /* RouteAnnotation.swift in Sources */,
				0712E4AB29C6B3A000243DF8 /* PlaceInfoViewController.swift in Sources */,
				0790A42429D83161008C3923 /* TrackPoint.swift in Sources */,
				073AA2C129DBC18600398F9A /* Date.swift in Sources */,
				077C1BEA29CDEC7800DA3218 /* NewsViewController.swift in Sources */,
				0799CCCC29BF5979006AB70D /* MyPlaceViewController.swift in Sources */,
				0790A42629D83208008C3923 /* TrackData.swift in Sources */,
				0799CC9629BF584B006AB70D /* AppDelegate.swift in Sources */,
				077C1BEC29CDEDC100DA3218 /* URLRequest.swift in Sources */,
				0799CC9829BF584B006AB70D /* SceneDelegate.swift in Sources */,
				0799CCCA29BF596E006AB70D /* MapViewController.swift in Sources */,
				075FE44129C5B63A00A5694C /* UIView.swift in Sources */,
				07AFB58F29C011DD00DD1C34 /* MoreViewModel.swift in Sources */,
				0709557729D2B2A300068C91 /* AddMyPlaceViewController.swift in Sources */,
				072D5BE229C33B910024B938 /* ClusterAnnotationView.swift in Sources */,
				077C1BF029CDEEC600DA3218 /* NewsCellData.swift in Sources */,
				077C1BF329CDF52B00DA3218 /* NewsTableViewCell.swift in Sources */,
				07CDB0A429CF068D00F139BB /* String.swift in Sources */,
				07AFB59129C012A600DD1C34 /* MoreCellData.swift in Sources */,
				07CEA61F29C97BB3009CF3A7 /* PlaceInfoViewModel.swift in Sources */,
				07D01A2229E65AAC00FE85D4 /* CountdownView.swift in Sources */,
				0780E72129C7F99E0030026F /* PlaceInfoViewController+Modal.swift in Sources */,
				07B2E3E629D156D300210207 /* MoreTableViewCell.swift in Sources */,
				0718B96429D0940F00D5CDDE /* MoreViewController+TableView.swift in Sources */,
				0799CCCE29BF5980006AB70D /* MoreViewController.swift in Sources */,
				0774AA8329D97CCF0048C781 /* TrackingViewModel.swift in Sources */,
				07AFB59329C024BD00DD1C34 /* AppSettingValues.swift in Sources */,
				0712E4AD29C6CA0A00243DF8 /* CustomAnnotation.swift in Sources */,
				070FFB0029D56B4900987285 /* AlertService.swift in Sources */,
				07AC1ED429E3D527006BEA03 /* Tracking.intentdefinition in Sources */,
				0760D51D29D3296600796D73 /* RealmService.swift in Sources */,
				070D486F29E6C958009B67A8 /* CLPlacemark.swift in Sources */,
				0790A42929D85DFD008C3923 /* MyPlaceTableViewCell.swift in Sources */,
				070FFB0229D5D8D000987285 /* TrackingViewController+Route.swift in Sources */,
				077C1BE229CD958D00DA3218 /* RouteAnnotationView.swift in Sources */,
				0799CCEC29BF6E10006AB70D /* Double.swift in Sources */,
				0774AA8529D97CD70048C781 /* AddMyPlaceViewModel.swift in Sources */,
				07AC1EE329E3E412006BEA03 /* TrackingLiveActivity.swift in Sources */,
				0709557529D2B29200068C91 /* TipViewController.swift in Sources */,
				0799CCEA29BF65A9006AB70D /* MKMapView.swift in Sources */,
			);
			runOnlyForDeploymentPostprocessing = 0;
		};
		0799CCA429BF584C006AB70D /* Sources */ = {
			isa = PBXSourcesBuildPhase;
			buildActionMask = 2147483647;
			files = (
				0799CCAD29BF584C006AB70D /* StrollPlacesTests.swift in Sources */,
			);
			runOnlyForDeploymentPostprocessing = 0;
		};
		0799CCAE29BF584C006AB70D /* Sources */ = {
			isa = PBXSourcesBuildPhase;
			buildActionMask = 2147483647;
			files = (
				0799CCB929BF584C006AB70D /* StrollPlacesUITestsLaunchTests.swift in Sources */,
				0799CCB729BF584C006AB70D /* StrollPlacesUITests.swift in Sources */,
			);
			runOnlyForDeploymentPostprocessing = 0;
		};
		07AC1EC129E3D525006BEA03 /* Sources */ = {
			isa = PBXSourcesBuildPhase;
			buildActionMask = 2147483647;
			files = (
				07AC1ECE29E3D526006BEA03 /* Tracking.swift in Sources */,
				07AC1ED329E3D527006BEA03 /* Tracking.intentdefinition in Sources */,
				07AC1ECA29E3D526006BEA03 /* TrackingBundle.swift in Sources */,
				07AC1EE429E415C9006BEA03 /* K.swift in Sources */,
				07AC1EE229E3E3FC006BEA03 /* LiveActivityService.swift in Sources */,
				07AC1ECC29E3D526006BEA03 /* TrackingLiveActivity.swift in Sources */,
			);
			runOnlyForDeploymentPostprocessing = 0;
		};
/* End PBXSourcesBuildPhase section */

/* Begin PBXTargetDependency section */
		0799CCAA29BF584C006AB70D /* PBXTargetDependency */ = {
			isa = PBXTargetDependency;
			target = 0799CC9129BF584B006AB70D /* StrollPlaces */;
			targetProxy = 0799CCA929BF584C006AB70D /* PBXContainerItemProxy */;
		};
		0799CCB429BF584C006AB70D /* PBXTargetDependency */ = {
			isa = PBXTargetDependency;
			target = 0799CC9129BF584B006AB70D /* StrollPlaces */;
			targetProxy = 0799CCB329BF584C006AB70D /* PBXContainerItemProxy */;
		};
		07AC1ED629E3D527006BEA03 /* PBXTargetDependency */ = {
			isa = PBXTargetDependency;
			target = 07AC1EC429E3D525006BEA03 /* TrackingExtension */;
			targetProxy = 07AC1ED529E3D527006BEA03 /* PBXContainerItemProxy */;
		};
/* End PBXTargetDependency section */

/* Begin PBXVariantGroup section */
		0799CC9B29BF584B006AB70D /* Main.storyboard */ = {
			isa = PBXVariantGroup;
			children = (
				0799CC9C29BF584B006AB70D /* Base */,
			);
			name = Main.storyboard;
			sourceTree = "<group>";
		};
		0799CCA029BF584C006AB70D /* LaunchScreen.storyboard */ = {
			isa = PBXVariantGroup;
			children = (
				0799CCA129BF584C006AB70D /* Base */,
			);
			name = LaunchScreen.storyboard;
			sourceTree = "<group>";
		};
/* End PBXVariantGroup section */

/* Begin XCBuildConfiguration section */
		0799CCBA29BF584C006AB70D /* Debug */ = {
			isa = XCBuildConfiguration;
			buildSettings = {
				ALWAYS_SEARCH_USER_PATHS = NO;
				CLANG_ANALYZER_NONNULL = YES;
				CLANG_ANALYZER_NUMBER_OBJECT_CONVERSION = YES_AGGRESSIVE;
				CLANG_CXX_LANGUAGE_STANDARD = "gnu++20";
				CLANG_ENABLE_MODULES = YES;
				CLANG_ENABLE_OBJC_ARC = YES;
				CLANG_ENABLE_OBJC_WEAK = YES;
				CLANG_WARN_BLOCK_CAPTURE_AUTORELEASING = YES;
				CLANG_WARN_BOOL_CONVERSION = YES;
				CLANG_WARN_COMMA = YES;
				CLANG_WARN_CONSTANT_CONVERSION = YES;
				CLANG_WARN_DEPRECATED_OBJC_IMPLEMENTATIONS = YES;
				CLANG_WARN_DIRECT_OBJC_ISA_USAGE = YES_ERROR;
				CLANG_WARN_DOCUMENTATION_COMMENTS = YES;
				CLANG_WARN_EMPTY_BODY = YES;
				CLANG_WARN_ENUM_CONVERSION = YES;
				CLANG_WARN_INFINITE_RECURSION = YES;
				CLANG_WARN_INT_CONVERSION = YES;
				CLANG_WARN_NON_LITERAL_NULL_CONVERSION = YES;
				CLANG_WARN_OBJC_IMPLICIT_RETAIN_SELF = YES;
				CLANG_WARN_OBJC_LITERAL_CONVERSION = YES;
				CLANG_WARN_OBJC_ROOT_CLASS = YES_ERROR;
				CLANG_WARN_QUOTED_INCLUDE_IN_FRAMEWORK_HEADER = YES;
				CLANG_WARN_RANGE_LOOP_ANALYSIS = YES;
				CLANG_WARN_STRICT_PROTOTYPES = YES;
				CLANG_WARN_SUSPICIOUS_MOVE = YES;
				CLANG_WARN_UNGUARDED_AVAILABILITY = YES_AGGRESSIVE;
				CLANG_WARN_UNREACHABLE_CODE = YES;
				CLANG_WARN__DUPLICATE_METHOD_MATCH = YES;
				COPY_PHASE_STRIP = NO;
				DEBUG_INFORMATION_FORMAT = dwarf;
				ENABLE_STRICT_OBJC_MSGSEND = YES;
				ENABLE_TESTABILITY = YES;
				GCC_C_LANGUAGE_STANDARD = gnu11;
				GCC_DYNAMIC_NO_PIC = NO;
				GCC_NO_COMMON_BLOCKS = YES;
				GCC_OPTIMIZATION_LEVEL = 0;
				GCC_PREPROCESSOR_DEFINITIONS = (
					"DEBUG=1",
					"$(inherited)",
				);
				GCC_WARN_64_TO_32_BIT_CONVERSION = YES;
				GCC_WARN_ABOUT_RETURN_TYPE = YES_ERROR;
				GCC_WARN_UNDECLARED_SELECTOR = YES;
				GCC_WARN_UNINITIALIZED_AUTOS = YES_AGGRESSIVE;
				GCC_WARN_UNUSED_FUNCTION = YES;
				GCC_WARN_UNUSED_VARIABLE = YES;
				IPHONEOS_DEPLOYMENT_TARGET = 16.1;
				MTL_ENABLE_DEBUG_INFO = INCLUDE_SOURCE;
				MTL_FAST_MATH = YES;
				ONLY_ACTIVE_ARCH = YES;
				SDKROOT = iphoneos;
				SWIFT_ACTIVE_COMPILATION_CONDITIONS = DEBUG;
				SWIFT_OPTIMIZATION_LEVEL = "-Onone";
			};
			name = Debug;
		};
		0799CCBB29BF584C006AB70D /* Release */ = {
			isa = XCBuildConfiguration;
			buildSettings = {
				ALWAYS_SEARCH_USER_PATHS = NO;
				CLANG_ANALYZER_NONNULL = YES;
				CLANG_ANALYZER_NUMBER_OBJECT_CONVERSION = YES_AGGRESSIVE;
				CLANG_CXX_LANGUAGE_STANDARD = "gnu++20";
				CLANG_ENABLE_MODULES = YES;
				CLANG_ENABLE_OBJC_ARC = YES;
				CLANG_ENABLE_OBJC_WEAK = YES;
				CLANG_WARN_BLOCK_CAPTURE_AUTORELEASING = YES;
				CLANG_WARN_BOOL_CONVERSION = YES;
				CLANG_WARN_COMMA = YES;
				CLANG_WARN_CONSTANT_CONVERSION = YES;
				CLANG_WARN_DEPRECATED_OBJC_IMPLEMENTATIONS = YES;
				CLANG_WARN_DIRECT_OBJC_ISA_USAGE = YES_ERROR;
				CLANG_WARN_DOCUMENTATION_COMMENTS = YES;
				CLANG_WARN_EMPTY_BODY = YES;
				CLANG_WARN_ENUM_CONVERSION = YES;
				CLANG_WARN_INFINITE_RECURSION = YES;
				CLANG_WARN_INT_CONVERSION = YES;
				CLANG_WARN_NON_LITERAL_NULL_CONVERSION = YES;
				CLANG_WARN_OBJC_IMPLICIT_RETAIN_SELF = YES;
				CLANG_WARN_OBJC_LITERAL_CONVERSION = YES;
				CLANG_WARN_OBJC_ROOT_CLASS = YES_ERROR;
				CLANG_WARN_QUOTED_INCLUDE_IN_FRAMEWORK_HEADER = YES;
				CLANG_WARN_RANGE_LOOP_ANALYSIS = YES;
				CLANG_WARN_STRICT_PROTOTYPES = YES;
				CLANG_WARN_SUSPICIOUS_MOVE = YES;
				CLANG_WARN_UNGUARDED_AVAILABILITY = YES_AGGRESSIVE;
				CLANG_WARN_UNREACHABLE_CODE = YES;
				CLANG_WARN__DUPLICATE_METHOD_MATCH = YES;
				COPY_PHASE_STRIP = NO;
				DEBUG_INFORMATION_FORMAT = "dwarf-with-dsym";
				ENABLE_NS_ASSERTIONS = NO;
				ENABLE_STRICT_OBJC_MSGSEND = YES;
				GCC_C_LANGUAGE_STANDARD = gnu11;
				GCC_NO_COMMON_BLOCKS = YES;
				GCC_WARN_64_TO_32_BIT_CONVERSION = YES;
				GCC_WARN_ABOUT_RETURN_TYPE = YES_ERROR;
				GCC_WARN_UNDECLARED_SELECTOR = YES;
				GCC_WARN_UNINITIALIZED_AUTOS = YES_AGGRESSIVE;
				GCC_WARN_UNUSED_FUNCTION = YES;
				GCC_WARN_UNUSED_VARIABLE = YES;
				IPHONEOS_DEPLOYMENT_TARGET = 16.1;
				MTL_ENABLE_DEBUG_INFO = NO;
				MTL_FAST_MATH = YES;
				SDKROOT = iphoneos;
				SWIFT_COMPILATION_MODE = wholemodule;
				SWIFT_OPTIMIZATION_LEVEL = "-O";
				VALIDATE_PRODUCT = YES;
			};
			name = Release;
		};
		0799CCBD29BF584C006AB70D /* Debug */ = {
			isa = XCBuildConfiguration;
			baseConfigurationReference = DAE6C4FAFD8200F2BA532A6A /* Pods-StrollPlaces.debug.xcconfig */;
			buildSettings = {
				ALWAYS_EMBED_SWIFT_STANDARD_LIBRARIES = YES;
				ASSETCATALOG_COMPILER_APPICON_NAME = AppIcon;
				ASSETCATALOG_COMPILER_GLOBAL_ACCENT_COLOR_NAME = AccentColor;
				ASSETCATALOG_COMPILER_INCLUDE_ALL_APPICON_ASSETS = YES;
				CODE_SIGN_STYLE = Automatic;
				CURRENT_PROJECT_VERSION = 1;
				DEVELOPMENT_TEAM = YJF2RZ2K47;
				GENERATE_INFOPLIST_FILE = YES;
				INFOPLIST_FILE = StrollPlaces/Info.plist;
				INFOPLIST_KEY_CFBundleDisplayName = "가벼운산책";
				INFOPLIST_KEY_LSApplicationCategoryType = "public.app-category.lifestyle";
				INFOPLIST_KEY_NSLocationAlwaysAndWhenInUseUsageDescription = "사용자의 위치정보를 사용하려고 합니다.";
				INFOPLIST_KEY_NSLocationWhenInUseUsageDescription = "사용자의 위치정보를 사용하려고 합니다.";
				INFOPLIST_KEY_UIApplicationSupportsIndirectInputEvents = YES;
				INFOPLIST_KEY_UILaunchStoryboardName = LaunchScreen;
				INFOPLIST_KEY_UIMainStoryboardFile = Main;
				INFOPLIST_KEY_UISupportedInterfaceOrientations = UIInterfaceOrientationPortrait;
				INFOPLIST_KEY_UISupportedInterfaceOrientations_iPad = "UIInterfaceOrientationLandscapeLeft UIInterfaceOrientationLandscapeRight UIInterfaceOrientationPortrait UIInterfaceOrientationPortraitUpsideDown";
				INFOPLIST_KEY_UIUserInterfaceStyle = Light;
				IPHONEOS_DEPLOYMENT_TARGET = 16.1;
				LD_RUNPATH_SEARCH_PATHS = (
					"$(inherited)",
					"@executable_path/Frameworks",
				);
				MARKETING_VERSION = 1.0.0;
				PRODUCT_BUNDLE_IDENTIFIER = com.hyleedevelop.StrollPlaces;
				PRODUCT_NAME = "$(TARGET_NAME)";
				SUPPORTED_PLATFORMS = "iphoneos iphonesimulator";
				SUPPORTS_MACCATALYST = NO;
				SUPPORTS_MAC_DESIGNED_FOR_IPHONE_IPAD = NO;
				SWIFT_EMIT_LOC_STRINGS = YES;
				SWIFT_VERSION = 5.0;
				TARGETED_DEVICE_FAMILY = 1;
			};
			name = Debug;
		};
		0799CCBE29BF584C006AB70D /* Release */ = {
			isa = XCBuildConfiguration;
			baseConfigurationReference = 06DC4CC2BC10739BAF3EB5C9 /* Pods-StrollPlaces.release.xcconfig */;
			buildSettings = {
				ALWAYS_EMBED_SWIFT_STANDARD_LIBRARIES = YES;
				ASSETCATALOG_COMPILER_APPICON_NAME = AppIcon;
				ASSETCATALOG_COMPILER_GLOBAL_ACCENT_COLOR_NAME = AccentColor;
				ASSETCATALOG_COMPILER_INCLUDE_ALL_APPICON_ASSETS = YES;
				CODE_SIGN_STYLE = Automatic;
				CURRENT_PROJECT_VERSION = 1;
				DEVELOPMENT_TEAM = YJF2RZ2K47;
				GENERATE_INFOPLIST_FILE = YES;
				INFOPLIST_FILE = StrollPlaces/Info.plist;
				INFOPLIST_KEY_CFBundleDisplayName = "가벼운산책";
				INFOPLIST_KEY_LSApplicationCategoryType = "public.app-category.lifestyle";
				INFOPLIST_KEY_NSLocationAlwaysAndWhenInUseUsageDescription = "사용자의 위치정보를 사용하려고 합니다.";
				INFOPLIST_KEY_NSLocationWhenInUseUsageDescription = "사용자의 위치정보를 사용하려고 합니다.";
				INFOPLIST_KEY_UIApplicationSupportsIndirectInputEvents = YES;
				INFOPLIST_KEY_UILaunchStoryboardName = LaunchScreen;
				INFOPLIST_KEY_UIMainStoryboardFile = Main;
				INFOPLIST_KEY_UISupportedInterfaceOrientations = UIInterfaceOrientationPortrait;
				INFOPLIST_KEY_UISupportedInterfaceOrientations_iPad = "UIInterfaceOrientationLandscapeLeft UIInterfaceOrientationLandscapeRight UIInterfaceOrientationPortrait UIInterfaceOrientationPortraitUpsideDown";
				INFOPLIST_KEY_UIUserInterfaceStyle = Light;
				IPHONEOS_DEPLOYMENT_TARGET = 16.1;
				LD_RUNPATH_SEARCH_PATHS = (
					"$(inherited)",
					"@executable_path/Frameworks",
				);
				MARKETING_VERSION = 1.0.0;
				PRODUCT_BUNDLE_IDENTIFIER = com.hyleedevelop.StrollPlaces;
				PRODUCT_NAME = "$(TARGET_NAME)";
				SUPPORTED_PLATFORMS = "iphoneos iphonesimulator";
				SUPPORTS_MACCATALYST = NO;
				SUPPORTS_MAC_DESIGNED_FOR_IPHONE_IPAD = NO;
				SWIFT_EMIT_LOC_STRINGS = YES;
				SWIFT_VERSION = 5.0;
				TARGETED_DEVICE_FAMILY = 1;
			};
			name = Release;
		};
		0799CCC029BF584C006AB70D /* Debug */ = {
			isa = XCBuildConfiguration;
			baseConfigurationReference = 8330C6868F35B7508B9C8311 /* Pods-StrollPlacesTests.debug.xcconfig */;
			buildSettings = {
				ALWAYS_EMBED_SWIFT_STANDARD_LIBRARIES = YES;
				BUNDLE_LOADER = "$(TEST_HOST)";
				CODE_SIGN_STYLE = Automatic;
				CURRENT_PROJECT_VERSION = 1;
				DEVELOPMENT_TEAM = YJF2RZ2K47;
				GENERATE_INFOPLIST_FILE = YES;
				IPHONEOS_DEPLOYMENT_TARGET = 16.2;
				MARKETING_VERSION = 1.0;
				PRODUCT_BUNDLE_IDENTIFIER = com.hyleedevelop.StrollPlacesTests;
				PRODUCT_NAME = "$(TARGET_NAME)";
				SWIFT_EMIT_LOC_STRINGS = NO;
				SWIFT_VERSION = 5.0;
				TARGETED_DEVICE_FAMILY = "1,2";
				TEST_HOST = "$(BUILT_PRODUCTS_DIR)/StrollPlaces.app/$(BUNDLE_EXECUTABLE_FOLDER_PATH)/StrollPlaces";
			};
			name = Debug;
		};
		0799CCC129BF584C006AB70D /* Release */ = {
			isa = XCBuildConfiguration;
			baseConfigurationReference = E8C17C7780C6F44B5BE228BC /* Pods-StrollPlacesTests.release.xcconfig */;
			buildSettings = {
				ALWAYS_EMBED_SWIFT_STANDARD_LIBRARIES = YES;
				BUNDLE_LOADER = "$(TEST_HOST)";
				CODE_SIGN_STYLE = Automatic;
				CURRENT_PROJECT_VERSION = 1;
				DEVELOPMENT_TEAM = YJF2RZ2K47;
				GENERATE_INFOPLIST_FILE = YES;
				IPHONEOS_DEPLOYMENT_TARGET = 16.2;
				MARKETING_VERSION = 1.0;
				PRODUCT_BUNDLE_IDENTIFIER = com.hyleedevelop.StrollPlacesTests;
				PRODUCT_NAME = "$(TARGET_NAME)";
				SWIFT_EMIT_LOC_STRINGS = NO;
				SWIFT_VERSION = 5.0;
				TARGETED_DEVICE_FAMILY = "1,2";
				TEST_HOST = "$(BUILT_PRODUCTS_DIR)/StrollPlaces.app/$(BUNDLE_EXECUTABLE_FOLDER_PATH)/StrollPlaces";
			};
			name = Release;
		};
		0799CCC329BF584C006AB70D /* Debug */ = {
			isa = XCBuildConfiguration;
			baseConfigurationReference = 8D3C143F3D4DD06B08B673BF /* Pods-StrollPlaces-StrollPlacesUITests.debug.xcconfig */;
			buildSettings = {
				ALWAYS_EMBED_SWIFT_STANDARD_LIBRARIES = YES;
				CODE_SIGN_STYLE = Automatic;
				CURRENT_PROJECT_VERSION = 1;
				DEVELOPMENT_TEAM = YJF2RZ2K47;
				GENERATE_INFOPLIST_FILE = YES;
				MARKETING_VERSION = 1.0;
				PRODUCT_BUNDLE_IDENTIFIER = com.hyleedevelop.StrollPlacesUITests;
				PRODUCT_NAME = "$(TARGET_NAME)";
				SWIFT_EMIT_LOC_STRINGS = NO;
				SWIFT_VERSION = 5.0;
				TARGETED_DEVICE_FAMILY = "1,2";
				TEST_TARGET_NAME = StrollPlaces;
			};
			name = Debug;
		};
		0799CCC429BF584C006AB70D /* Release */ = {
			isa = XCBuildConfiguration;
			baseConfigurationReference = 16650632E032CF58426FB33C /* Pods-StrollPlaces-StrollPlacesUITests.release.xcconfig */;
			buildSettings = {
				ALWAYS_EMBED_SWIFT_STANDARD_LIBRARIES = YES;
				CODE_SIGN_STYLE = Automatic;
				CURRENT_PROJECT_VERSION = 1;
				DEVELOPMENT_TEAM = YJF2RZ2K47;
				GENERATE_INFOPLIST_FILE = YES;
				MARKETING_VERSION = 1.0;
				PRODUCT_BUNDLE_IDENTIFIER = com.hyleedevelop.StrollPlacesUITests;
				PRODUCT_NAME = "$(TARGET_NAME)";
				SWIFT_EMIT_LOC_STRINGS = NO;
				SWIFT_VERSION = 5.0;
				TARGETED_DEVICE_FAMILY = "1,2";
				TEST_TARGET_NAME = StrollPlaces;
			};
			name = Release;
		};
		07AC1ED929E3D527006BEA03 /* Debug */ = {
			isa = XCBuildConfiguration;
			buildSettings = {
				ASSETCATALOG_COMPILER_GLOBAL_ACCENT_COLOR_NAME = AccentColor;
				ASSETCATALOG_COMPILER_WIDGET_BACKGROUND_COLOR_NAME = WidgetBackground;
				CODE_SIGN_STYLE = Automatic;
				CURRENT_PROJECT_VERSION = 1;
				DEVELOPMENT_TEAM = YJF2RZ2K47;
				GENERATE_INFOPLIST_FILE = YES;
				INFOPLIST_FILE = Tracking/Info.plist;
				INFOPLIST_KEY_CFBundleDisplayName = Tracking;
				INFOPLIST_KEY_NSHumanReadableCopyright = "";
				IPHONEOS_DEPLOYMENT_TARGET = 16.1;
				LD_RUNPATH_SEARCH_PATHS = (
					"$(inherited)",
					"@executable_path/Frameworks",
					"@executable_path/../../Frameworks",
				);
				MARKETING_VERSION = 1.0.0;
				PRODUCT_BUNDLE_IDENTIFIER = com.hyleedevelop.StrollPlaces.Tracking;
				PRODUCT_NAME = "$(TARGET_NAME)";
				SKIP_INSTALL = YES;
				SWIFT_EMIT_LOC_STRINGS = YES;
				SWIFT_VERSION = 5.0;
				TARGETED_DEVICE_FAMILY = 1;
			};
			name = Debug;
		};
		07AC1EDA29E3D527006BEA03 /* Release */ = {
			isa = XCBuildConfiguration;
			buildSettings = {
				ASSETCATALOG_COMPILER_GLOBAL_ACCENT_COLOR_NAME = AccentColor;
				ASSETCATALOG_COMPILER_WIDGET_BACKGROUND_COLOR_NAME = WidgetBackground;
				CODE_SIGN_STYLE = Automatic;
				CURRENT_PROJECT_VERSION = 1;
				DEVELOPMENT_TEAM = YJF2RZ2K47;
				GENERATE_INFOPLIST_FILE = YES;
				INFOPLIST_FILE = Tracking/Info.plist;
				INFOPLIST_KEY_CFBundleDisplayName = Tracking;
				INFOPLIST_KEY_NSHumanReadableCopyright = "";
				IPHONEOS_DEPLOYMENT_TARGET = 16.1;
				LD_RUNPATH_SEARCH_PATHS = (
					"$(inherited)",
					"@executable_path/Frameworks",
					"@executable_path/../../Frameworks",
				);
				MARKETING_VERSION = 1.0.0;
				PRODUCT_BUNDLE_IDENTIFIER = com.hyleedevelop.StrollPlaces.Tracking;
				PRODUCT_NAME = "$(TARGET_NAME)";
				SKIP_INSTALL = YES;
				SWIFT_EMIT_LOC_STRINGS = YES;
				SWIFT_VERSION = 5.0;
				TARGETED_DEVICE_FAMILY = 1;
			};
			name = Release;
		};
/* End XCBuildConfiguration section */

/* Begin XCConfigurationList section */
		0799CC8D29BF584B006AB70D /* Build configuration list for PBXProject "StrollPlaces" */ = {
			isa = XCConfigurationList;
			buildConfigurations = (
				0799CCBA29BF584C006AB70D /* Debug */,
				0799CCBB29BF584C006AB70D /* Release */,
			);
			defaultConfigurationIsVisible = 0;
			defaultConfigurationName = Release;
		};
		0799CCBC29BF584C006AB70D /* Build configuration list for PBXNativeTarget "StrollPlaces" */ = {
			isa = XCConfigurationList;
			buildConfigurations = (
				0799CCBD29BF584C006AB70D /* Debug */,
				0799CCBE29BF584C006AB70D /* Release */,
			);
			defaultConfigurationIsVisible = 0;
			defaultConfigurationName = Release;
		};
		0799CCBF29BF584C006AB70D /* Build configuration list for PBXNativeTarget "StrollPlacesTests" */ = {
			isa = XCConfigurationList;
			buildConfigurations = (
				0799CCC029BF584C006AB70D /* Debug */,
				0799CCC129BF584C006AB70D /* Release */,
			);
			defaultConfigurationIsVisible = 0;
			defaultConfigurationName = Release;
		};
		0799CCC229BF584C006AB70D /* Build configuration list for PBXNativeTarget "StrollPlacesUITests" */ = {
			isa = XCConfigurationList;
			buildConfigurations = (
				0799CCC329BF584C006AB70D /* Debug */,
				0799CCC429BF584C006AB70D /* Release */,
			);
			defaultConfigurationIsVisible = 0;
			defaultConfigurationName = Release;
		};
		07AC1ED829E3D527006BEA03 /* Build configuration list for PBXNativeTarget "TrackingExtension" */ = {
			isa = XCConfigurationList;
			buildConfigurations = (
				07AC1ED929E3D527006BEA03 /* Debug */,
				07AC1EDA29E3D527006BEA03 /* Release */,
			);
			defaultConfigurationIsVisible = 0;
			defaultConfigurationName = Release;
		};
/* End XCConfigurationList section */
	};
	rootObject = 0799CC8A29BF584B006AB70D /* Project object */;
}
